// !$*UTF8*$!
{
	archiveVersion = 1;
	classes = {
	};
	objectVersion = 55;
	objects = {

/* Begin PBXBuildFile section */
		8DF122C0B34D2047F079646F /* Pods_Daver_iOS_V1.framework in Frameworks */ = {isa = PBXBuildFile; fileRef = BC250CFE03DCAB168E4E67C4 /* Pods_Daver_iOS_V1.framework */; };
		9AA17EB43C48753A9F92D949 /* Pods_Daver_iOS_V1_Daver_iOS_V1UITests.framework in Frameworks */ = {isa = PBXBuildFile; fileRef = 8B809DED6B5B6CE36F8C0A4F /* Pods_Daver_iOS_V1_Daver_iOS_V1UITests.framework */; };
		BC9B39DB5362EFE7E2BD8C1A /* Pods_Daver_iOS_V1Tests.framework in Frameworks */ = {isa = PBXBuildFile; fileRef = 934B585A32D7B695ADF781B6 /* Pods_Daver_iOS_V1Tests.framework */; };
		EF116EDF2910DBCE00D9053E /* People.swift in Sources */ = {isa = PBXBuildFile; fileRef = EF116EDE2910DBCE00D9053E /* People.swift */; };
		EF116EE22910DE5E00D9053E /* FetchPeopleLocationUseCase.swift in Sources */ = {isa = PBXBuildFile; fileRef = EF116EE12910DE5E00D9053E /* FetchPeopleLocationUseCase.swift */; };
		EF116EE52910DF3A00D9053E /* PeopleRepository.swift in Sources */ = {isa = PBXBuildFile; fileRef = EF116EE42910DF3A00D9053E /* PeopleRepository.swift */; };
		EF116EE82910E19300D9053E /* PeopleRepositoryImpl.swift in Sources */ = {isa = PBXBuildFile; fileRef = EF116EE72910E19300D9053E /* PeopleRepositoryImpl.swift */; };
		EF116EEB2910F6BF00D9053E /* PeopleInfoDataSource.swift in Sources */ = {isa = PBXBuildFile; fileRef = EF116EEA2910F6BF00D9053E /* PeopleInfoDataSource.swift */; };
		EF116EEE2910F75C00D9053E /* PeopleInfoRemote.swift in Sources */ = {isa = PBXBuildFile; fileRef = EF116EED2910F75C00D9053E /* PeopleInfoRemote.swift */; };
		EF116EF12910F79800D9053E /* PeopleInfoAPI.swift in Sources */ = {isa = PBXBuildFile; fileRef = EF116EF02910F79800D9053E /* PeopleInfoAPI.swift */; };
		EF116EF42910F8CB00D9053E /* PeopleData.swift in Sources */ = {isa = PBXBuildFile; fileRef = EF116EF32910F8CB00D9053E /* PeopleData.swift */; };
		EF116EF62910F98600D9053E /* baseUseCase.swift in Sources */ = {isa = PBXBuildFile; fileRef = EF116EF52910F98600D9053E /* baseUseCase.swift */; };
		EF17332E28C5A4B0004E9536 /* StepExt.swift in Sources */ = {isa = PBXBuildFile; fileRef = EF17332D28C5A4B0004E9536 /* StepExt.swift */; };
		EF3AEE7A28C58FA200743327 /* SignInButton.swift in Sources */ = {isa = PBXBuildFile; fileRef = EF3AEE7928C58FA200743327 /* SignInButton.swift */; };
		EF3AEE7F28C5948700743327 /* UIViewExt.swift in Sources */ = {isa = PBXBuildFile; fileRef = EF3AEE7E28C5948700743327 /* UIViewExt.swift */; };
		EF3AEE8228C594E800743327 /* UINavigationExt.swift in Sources */ = {isa = PBXBuildFile; fileRef = EF3AEE8128C594E800743327 /* UINavigationExt.swift */; };
		EF3AEE8428C5A10900743327 /* AppFlow.swift in Sources */ = {isa = PBXBuildFile; fileRef = EF3AEE8328C5A10900743327 /* AppFlow.swift */; };
		EF3AEE8728C5A15B00743327 /* OnBoardingFlow.swift in Sources */ = {isa = PBXBuildFile; fileRef = EF3AEE8628C5A15B00743327 /* OnBoardingFlow.swift */; };
		EF3AEE8A28C5A1B900743327 /* Inject.swift in Sources */ = {isa = PBXBuildFile; fileRef = EF3AEE8928C5A1B900743327 /* Inject.swift */; };
		EF3AEE8D28C5A30300743327 /* AppDI.swift in Sources */ = {isa = PBXBuildFile; fileRef = EF3AEE8C28C5A30300743327 /* AppDI.swift */; };
		EF45FA912932141300EF9AB7 /* FriendCell.swift in Sources */ = {isa = PBXBuildFile; fileRef = EF45FA902932141300EF9AB7 /* FriendCell.swift */; };
		EF45FA932932147900EF9AB7 /* baseTableViewCell.swift in Sources */ = {isa = PBXBuildFile; fileRef = EF45FA922932147900EF9AB7 /* baseTableViewCell.swift */; };
		EF45FA96293214A100EF9AB7 /* Friend.swift in Sources */ = {isa = PBXBuildFile; fileRef = EF45FA95293214A100EF9AB7 /* Friend.swift */; };
		EF45FA992932174B00EF9AB7 /* Reusable.swift in Sources */ = {isa = PBXBuildFile; fileRef = EF45FA982932174B00EF9AB7 /* Reusable.swift */; };
		EF45FA9D2932272900EF9AB7 /* FriendSection.swift in Sources */ = {isa = PBXBuildFile; fileRef = EF45FA9C2932272900EF9AB7 /* FriendSection.swift */; };
		EF45FAA42932769600EF9AB7 /* EditProfileVC.swift in Sources */ = {isa = PBXBuildFile; fileRef = EF45FAA32932769600EF9AB7 /* EditProfileVC.swift */; };
		EF45FAA6293276A000EF9AB7 /* EditProfileReactor.swift in Sources */ = {isa = PBXBuildFile; fileRef = EF45FAA5293276A000EF9AB7 /* EditProfileReactor.swift */; };
		EF45FAA92932824500EF9AB7 /* ReqFriendReactor.swift in Sources */ = {isa = PBXBuildFile; fileRef = EF45FAA82932824500EF9AB7 /* ReqFriendReactor.swift */; };
		EF45FAAB2932824F00EF9AB7 /* ReqFriendVC.swift in Sources */ = {isa = PBXBuildFile; fileRef = EF45FAAA2932824F00EF9AB7 /* ReqFriendVC.swift */; };
		EF5A7D4F290620B200E17206 /* MainTabbarFlow.swift in Sources */ = {isa = PBXBuildFile; fileRef = EF5A7D4E290620B200E17206 /* MainTabbarFlow.swift */; };
		EF5A7D542906216A00E17206 /* MainTabbarVC.swift in Sources */ = {isa = PBXBuildFile; fileRef = EF5A7D532906216A00E17206 /* MainTabbarVC.swift */; };
		EF5A7D562906224D00E17206 /* HomeFlow.swift in Sources */ = {isa = PBXBuildFile; fileRef = EF5A7D552906224D00E17206 /* HomeFlow.swift */; };
		EF5A7D582906229900E17206 /* HomeVC.swift in Sources */ = {isa = PBXBuildFile; fileRef = EF5A7D572906229900E17206 /* HomeVC.swift */; };
		EF5A7D5B290622C000E17206 /* HomeReactor.swift in Sources */ = {isa = PBXBuildFile; fileRef = EF5A7D5A290622C000E17206 /* HomeReactor.swift */; };
		EF5A7D5D2906238600E17206 /* ProfileFlow.swift in Sources */ = {isa = PBXBuildFile; fileRef = EF5A7D5C2906238600E17206 /* ProfileFlow.swift */; };
		EF5A7D60290623E700E17206 /* ProfileVC.swift in Sources */ = {isa = PBXBuildFile; fileRef = EF5A7D5F290623E700E17206 /* ProfileVC.swift */; };
		EF5A7D622906240600E17206 /* ProfileReactor.swift in Sources */ = {isa = PBXBuildFile; fileRef = EF5A7D612906240600E17206 /* ProfileReactor.swift */; };
		EF655F5228D7F8D8003C1C86 /* SignUpRequest.swift in Sources */ = {isa = PBXBuildFile; fileRef = EF655F5128D7F8D8003C1C86 /* SignUpRequest.swift */; };
		EF655F5628D7FAE8003C1C86 /* baseRemote.swift in Sources */ = {isa = PBXBuildFile; fileRef = EF655F5528D7FAE8003C1C86 /* baseRemote.swift */; };
		EF655F5928D7FD89003C1C86 /* TokenError.swift in Sources */ = {isa = PBXBuildFile; fileRef = EF655F5828D7FD89003C1C86 /* TokenError.swift */; };
		EF655F6128D7FF30003C1C86 /* DaverError.swift in Sources */ = {isa = PBXBuildFile; fileRef = EF655F6028D7FF30003C1C86 /* DaverError.swift */; };
		EF655F6428D803C9003C1C86 /* TokenRefreshRequest.swift in Sources */ = {isa = PBXBuildFile; fileRef = EF655F6328D803C9003C1C86 /* TokenRefreshRequest.swift */; };
		EF655F6728D80400003C1C86 /* AuthController.swift in Sources */ = {isa = PBXBuildFile; fileRef = EF655F6628D80400003C1C86 /* AuthController.swift */; };
		EF655F6A28D8042D003C1C86 /* DaverTokenAPI.swift in Sources */ = {isa = PBXBuildFile; fileRef = EF655F6928D8042D003C1C86 /* DaverTokenAPI.swift */; };
		EF655F6D28D804C1003C1C86 /* Response.swift in Sources */ = {isa = PBXBuildFile; fileRef = EF655F6C28D804C1003C1C86 /* Response.swift */; };
		EF655F7028D80527003C1C86 /* AuthRemote.swift in Sources */ = {isa = PBXBuildFile; fileRef = EF655F6F28D80527003C1C86 /* AuthRemote.swift */; };
		EF655F7228D8056A003C1C86 /* DaverAuthAPI.swift in Sources */ = {isa = PBXBuildFile; fileRef = EF655F7128D8056A003C1C86 /* DaverAuthAPI.swift */; };
		EF655F7428D8060C003C1C86 /* Constants.swift in Sources */ = {isa = PBXBuildFile; fileRef = EF655F7328D8060C003C1C86 /* Constants.swift */; };
		EF655F7828D808AC003C1C86 /* AuthDataSource.swift in Sources */ = {isa = PBXBuildFile; fileRef = EF655F7728D808AC003C1C86 /* AuthDataSource.swift */; };
		EF655F7A28D808BD003C1C86 /* baseDataSource.swift in Sources */ = {isa = PBXBuildFile; fileRef = EF655F7928D808BD003C1C86 /* baseDataSource.swift */; };
		EF655F7E28D8099C003C1C86 /* AuthRepository.swift in Sources */ = {isa = PBXBuildFile; fileRef = EF655F7D28D8099C003C1C86 /* AuthRepository.swift */; };
		EF655F8228D809DE003C1C86 /* AuthRepositoryImpl.swift in Sources */ = {isa = PBXBuildFile; fileRef = EF655F8128D809DE003C1C86 /* AuthRepositoryImpl.swift */; };
		EF655F8528D80AB7003C1C86 /* ParamUseCase.swift in Sources */ = {isa = PBXBuildFile; fileRef = EF655F8428D80AB7003C1C86 /* ParamUseCase.swift */; };
		EF655F8828D80AC9003C1C86 /* SignUpUseCase.swift in Sources */ = {isa = PBXBuildFile; fileRef = EF655F8728D80AC9003C1C86 /* SignUpUseCase.swift */; };
		EF730B7D28BDAC320027DF71 /* AppDelegate.swift in Sources */ = {isa = PBXBuildFile; fileRef = EF730B7C28BDAC320027DF71 /* AppDelegate.swift */; };
		EF730B7F28BDAC320027DF71 /* SceneDelegate.swift in Sources */ = {isa = PBXBuildFile; fileRef = EF730B7E28BDAC320027DF71 /* SceneDelegate.swift */; };
		EF730B8728BDAC320027DF71 /* Daver_iOS_V1.xcdatamodeld in Sources */ = {isa = PBXBuildFile; fileRef = EF730B8528BDAC320027DF71 /* Daver_iOS_V1.xcdatamodeld */; };
		EF730B8928BDAC320027DF71 /* Assets.xcassets in Resources */ = {isa = PBXBuildFile; fileRef = EF730B8828BDAC320027DF71 /* Assets.xcassets */; };
		EF730B8C28BDAC320027DF71 /* LaunchScreen.storyboard in Resources */ = {isa = PBXBuildFile; fileRef = EF730B8A28BDAC320027DF71 /* LaunchScreen.storyboard */; };
		EF730B9728BDAC320027DF71 /* Daver_iOS_V1Tests.swift in Sources */ = {isa = PBXBuildFile; fileRef = EF730B9628BDAC320027DF71 /* Daver_iOS_V1Tests.swift */; };
		EF730BA128BDAC320027DF71 /* Daver_iOS_V1UITests.swift in Sources */ = {isa = PBXBuildFile; fileRef = EF730BA028BDAC320027DF71 /* Daver_iOS_V1UITests.swift */; };
		EF730BA328BDAC320027DF71 /* Daver_iOS_V1UITestsLaunchTests.swift in Sources */ = {isa = PBXBuildFile; fileRef = EF730BA228BDAC320027DF71 /* Daver_iOS_V1UITestsLaunchTests.swift */; };
		EF730BB828BDAEEE0027DF71 /* SignInVC.swift in Sources */ = {isa = PBXBuildFile; fileRef = EF730BB728BDAEEE0027DF71 /* SignInVC.swift */; };
		EF730BBB28BDAEF70027DF71 /* baseVC.swift in Sources */ = {isa = PBXBuildFile; fileRef = EF730BBA28BDAEF70027DF71 /* baseVC.swift */; };
		EF730BBD28BDAF0B0027DF71 /* SignInReactor.swift in Sources */ = {isa = PBXBuildFile; fileRef = EF730BBC28BDAF0B0027DF71 /* SignInReactor.swift */; };
		EF7A17B728D6028C005A354C /* DependencyProvider.swift in Sources */ = {isa = PBXBuildFile; fileRef = EF7A17B628D6028C005A354C /* DependencyProvider.swift */; };
		EF7A17B928D603C8005A354C /* ViewControllerAssembly.swift in Sources */ = {isa = PBXBuildFile; fileRef = EF7A17B828D603C8005A354C /* ViewControllerAssembly.swift */; };
		EF7A17BB28D603FC005A354C /* UseCaseAssembly.swift in Sources */ = {isa = PBXBuildFile; fileRef = EF7A17BA28D603FC005A354C /* UseCaseAssembly.swift */; };
		EF7A17BD28D60403005A354C /* DataSourceAssembly.swift in Sources */ = {isa = PBXBuildFile; fileRef = EF7A17BC28D60403005A354C /* DataSourceAssembly.swift */; };
		EF7A17BF28D60409005A354C /* ReactorAssembly.swift in Sources */ = {isa = PBXBuildFile; fileRef = EF7A17BE28D60409005A354C /* ReactorAssembly.swift */; };
		EF7A17C128D6040E005A354C /* RepositoryAssembly.swift in Sources */ = {isa = PBXBuildFile; fileRef = EF7A17C028D6040E005A354C /* RepositoryAssembly.swift */; };
		EF7A17C328D611BB005A354C /* FlowAssembly.swift in Sources */ = {isa = PBXBuildFile; fileRef = EF7A17C228D611BB005A354C /* FlowAssembly.swift */; };
		EF7A17C528D611D9005A354C /* StepperAssembly.swift in Sources */ = {isa = PBXBuildFile; fileRef = EF7A17C428D611D9005A354C /* StepperAssembly.swift */; };
		EF7A17C828D61B19005A354C /* UITextFieldExt.swift in Sources */ = {isa = PBXBuildFile; fileRef = EF7A17C728D61B19005A354C /* UITextFieldExt.swift */; };
		EF7A17CD28D6B77F005A354C /* SignUpVC.swift in Sources */ = {isa = PBXBuildFile; fileRef = EF7A17CC28D6B77F005A354C /* SignUpVC.swift */; };
		EF7A17CF28D6B786005A354C /* SignUpReactor.swift in Sources */ = {isa = PBXBuildFile; fileRef = EF7A17CE28D6B786005A354C /* SignUpReactor.swift */; };
		EF7A17D228D6B967005A354C /* UnderLineTextField.swift in Sources */ = {isa = PBXBuildFile; fileRef = EF7A17D128D6B967005A354C /* UnderLineTextField.swift */; };
		EF7C185028BDB425000B3D52 /* DaverStep.swift in Sources */ = {isa = PBXBuildFile; fileRef = EF7C184F28BDB425000B3D52 /* DaverStep.swift */; };
		EF9D5E892919F2A300FC69DD /* FriendFlow.swift in Sources */ = {isa = PBXBuildFile; fileRef = EF9D5E882919F2A300FC69DD /* FriendFlow.swift */; };
		EF9D5E8C2919F43500FC69DD /* FriendVC.swift in Sources */ = {isa = PBXBuildFile; fileRef = EF9D5E8B2919F43500FC69DD /* FriendVC.swift */; };
		EF9D5E8E2919F43D00FC69DD /* FriendReactor.swift in Sources */ = {isa = PBXBuildFile; fileRef = EF9D5E8D2919F43D00FC69DD /* FriendReactor.swift */; };
		EFA4F54A28FBFD9500C319A4 /* SignInRequest.swift in Sources */ = {isa = PBXBuildFile; fileRef = EFA4F54928FBFD9500C319A4 /* SignInRequest.swift */; };
		EFA4F54C28FCE50600C319A4 /* SignInUseCase.swift in Sources */ = {isa = PBXBuildFile; fileRef = EFA4F54B28FCE50600C319A4 /* SignInUseCase.swift */; };
		EFA4F54F28FCEF0400C319A4 /* SignInResponse.swift in Sources */ = {isa = PBXBuildFile; fileRef = EFA4F54E28FCEF0400C319A4 /* SignInResponse.swift */; };
		EFA4F55328FCEFCE00C319A4 /* Member.swift in Sources */ = {isa = PBXBuildFile; fileRef = EFA4F55228FCEFCE00C319A4 /* Member.swift */; };
		EFF9EFDE28DAB61800419AA1 /* SignInTextField.swift in Sources */ = {isa = PBXBuildFile; fileRef = EFF9EFDD28DAB61800419AA1 /* SignInTextField.swift */; };
		EFF9EFE028DAC99000419AA1 /* DivisionLine.swift in Sources */ = {isa = PBXBuildFile; fileRef = EFF9EFDF28DAC99000419AA1 /* DivisionLine.swift */; };
		EFF9EFE328DADC6100419AA1 /* UIImageExt.swift in Sources */ = {isa = PBXBuildFile; fileRef = EFF9EFE228DADC6100419AA1 /* UIImageExt.swift */; };
/* End PBXBuildFile section */

/* Begin PBXContainerItemProxy section */
		EF730B9328BDAC320027DF71 /* PBXContainerItemProxy */ = {
			isa = PBXContainerItemProxy;
			containerPortal = EF730B7128BDAC320027DF71 /* Project object */;
			proxyType = 1;
			remoteGlobalIDString = EF730B7828BDAC320027DF71;
			remoteInfo = Daver_iOS_V1;
		};
		EF730B9D28BDAC320027DF71 /* PBXContainerItemProxy */ = {
			isa = PBXContainerItemProxy;
			containerPortal = EF730B7128BDAC320027DF71 /* Project object */;
			proxyType = 1;
			remoteGlobalIDString = EF730B7828BDAC320027DF71;
			remoteInfo = Daver_iOS_V1;
		};
/* End PBXContainerItemProxy section */

/* Begin PBXFileReference section */
		8B809DED6B5B6CE36F8C0A4F /* Pods_Daver_iOS_V1_Daver_iOS_V1UITests.framework */ = {isa = PBXFileReference; explicitFileType = wrapper.framework; includeInIndex = 0; path = Pods_Daver_iOS_V1_Daver_iOS_V1UITests.framework; sourceTree = BUILT_PRODUCTS_DIR; };
		934B585A32D7B695ADF781B6 /* Pods_Daver_iOS_V1Tests.framework */ = {isa = PBXFileReference; explicitFileType = wrapper.framework; includeInIndex = 0; path = Pods_Daver_iOS_V1Tests.framework; sourceTree = BUILT_PRODUCTS_DIR; };
		A033CEB233BE3F336E234FB6 /* Pods-Daver_iOS_V1Tests.debug.xcconfig */ = {isa = PBXFileReference; includeInIndex = 1; lastKnownFileType = text.xcconfig; name = "Pods-Daver_iOS_V1Tests.debug.xcconfig"; path = "Target Support Files/Pods-Daver_iOS_V1Tests/Pods-Daver_iOS_V1Tests.debug.xcconfig"; sourceTree = "<group>"; };
		A4097869A16BCDBD8A8B90E1 /* Pods-Daver_iOS_V1.debug.xcconfig */ = {isa = PBXFileReference; includeInIndex = 1; lastKnownFileType = text.xcconfig; name = "Pods-Daver_iOS_V1.debug.xcconfig"; path = "Target Support Files/Pods-Daver_iOS_V1/Pods-Daver_iOS_V1.debug.xcconfig"; sourceTree = "<group>"; };
		BC250CFE03DCAB168E4E67C4 /* Pods_Daver_iOS_V1.framework */ = {isa = PBXFileReference; explicitFileType = wrapper.framework; includeInIndex = 0; path = Pods_Daver_iOS_V1.framework; sourceTree = BUILT_PRODUCTS_DIR; };
		BE5F38F60DC99C9BF23B3652 /* Pods-Daver_iOS_V1Tests.release.xcconfig */ = {isa = PBXFileReference; includeInIndex = 1; lastKnownFileType = text.xcconfig; name = "Pods-Daver_iOS_V1Tests.release.xcconfig"; path = "Target Support Files/Pods-Daver_iOS_V1Tests/Pods-Daver_iOS_V1Tests.release.xcconfig"; sourceTree = "<group>"; };
		E0DDC239D1995CFAF115A6DD /* Pods-Daver_iOS_V1-Daver_iOS_V1UITests.debug.xcconfig */ = {isa = PBXFileReference; includeInIndex = 1; lastKnownFileType = text.xcconfig; name = "Pods-Daver_iOS_V1-Daver_iOS_V1UITests.debug.xcconfig"; path = "Target Support Files/Pods-Daver_iOS_V1-Daver_iOS_V1UITests/Pods-Daver_iOS_V1-Daver_iOS_V1UITests.debug.xcconfig"; sourceTree = "<group>"; };
		E9BAB7625F15E80302512DDE /* Pods-Daver_iOS_V1.release.xcconfig */ = {isa = PBXFileReference; includeInIndex = 1; lastKnownFileType = text.xcconfig; name = "Pods-Daver_iOS_V1.release.xcconfig"; path = "Target Support Files/Pods-Daver_iOS_V1/Pods-Daver_iOS_V1.release.xcconfig"; sourceTree = "<group>"; };
		EDADD5558EBBD206D57B2996 /* Pods-Daver_iOS_V1-Daver_iOS_V1UITests.release.xcconfig */ = {isa = PBXFileReference; includeInIndex = 1; lastKnownFileType = text.xcconfig; name = "Pods-Daver_iOS_V1-Daver_iOS_V1UITests.release.xcconfig"; path = "Target Support Files/Pods-Daver_iOS_V1-Daver_iOS_V1UITests/Pods-Daver_iOS_V1-Daver_iOS_V1UITests.release.xcconfig"; sourceTree = "<group>"; };
		EF116EDE2910DBCE00D9053E /* People.swift */ = {isa = PBXFileReference; lastKnownFileType = sourcecode.swift; path = People.swift; sourceTree = "<group>"; };
		EF116EE12910DE5E00D9053E /* FetchPeopleLocationUseCase.swift */ = {isa = PBXFileReference; lastKnownFileType = sourcecode.swift; path = FetchPeopleLocationUseCase.swift; sourceTree = "<group>"; };
		EF116EE42910DF3A00D9053E /* PeopleRepository.swift */ = {isa = PBXFileReference; lastKnownFileType = sourcecode.swift; path = PeopleRepository.swift; sourceTree = "<group>"; };
		EF116EE72910E19300D9053E /* PeopleRepositoryImpl.swift */ = {isa = PBXFileReference; lastKnownFileType = sourcecode.swift; path = PeopleRepositoryImpl.swift; sourceTree = "<group>"; };
		EF116EEA2910F6BF00D9053E /* PeopleInfoDataSource.swift */ = {isa = PBXFileReference; lastKnownFileType = sourcecode.swift; path = PeopleInfoDataSource.swift; sourceTree = "<group>"; };
		EF116EED2910F75C00D9053E /* PeopleInfoRemote.swift */ = {isa = PBXFileReference; lastKnownFileType = sourcecode.swift; path = PeopleInfoRemote.swift; sourceTree = "<group>"; };
		EF116EF02910F79800D9053E /* PeopleInfoAPI.swift */ = {isa = PBXFileReference; lastKnownFileType = sourcecode.swift; path = PeopleInfoAPI.swift; sourceTree = "<group>"; };
		EF116EF32910F8CB00D9053E /* PeopleData.swift */ = {isa = PBXFileReference; lastKnownFileType = sourcecode.swift; path = PeopleData.swift; sourceTree = "<group>"; };
		EF116EF52910F98600D9053E /* baseUseCase.swift */ = {isa = PBXFileReference; lastKnownFileType = sourcecode.swift; path = baseUseCase.swift; sourceTree = "<group>"; };
		EF17332D28C5A4B0004E9536 /* StepExt.swift */ = {isa = PBXFileReference; lastKnownFileType = sourcecode.swift; path = StepExt.swift; sourceTree = "<group>"; };
		EF3AEE7928C58FA200743327 /* SignInButton.swift */ = {isa = PBXFileReference; lastKnownFileType = sourcecode.swift; path = SignInButton.swift; sourceTree = "<group>"; };
		EF3AEE7E28C5948700743327 /* UIViewExt.swift */ = {isa = PBXFileReference; lastKnownFileType = sourcecode.swift; path = UIViewExt.swift; sourceTree = "<group>"; };
		EF3AEE8128C594E800743327 /* UINavigationExt.swift */ = {isa = PBXFileReference; lastKnownFileType = sourcecode.swift; path = UINavigationExt.swift; sourceTree = "<group>"; };
		EF3AEE8328C5A10900743327 /* AppFlow.swift */ = {isa = PBXFileReference; lastKnownFileType = sourcecode.swift; path = AppFlow.swift; sourceTree = "<group>"; };
		EF3AEE8628C5A15B00743327 /* OnBoardingFlow.swift */ = {isa = PBXFileReference; lastKnownFileType = sourcecode.swift; path = OnBoardingFlow.swift; sourceTree = "<group>"; };
		EF3AEE8928C5A1B900743327 /* Inject.swift */ = {isa = PBXFileReference; lastKnownFileType = sourcecode.swift; path = Inject.swift; sourceTree = "<group>"; };
		EF3AEE8C28C5A30300743327 /* AppDI.swift */ = {isa = PBXFileReference; lastKnownFileType = sourcecode.swift; path = AppDI.swift; sourceTree = "<group>"; };
		EF45FA902932141300EF9AB7 /* FriendCell.swift */ = {isa = PBXFileReference; lastKnownFileType = sourcecode.swift; path = FriendCell.swift; sourceTree = "<group>"; };
		EF45FA922932147900EF9AB7 /* baseTableViewCell.swift */ = {isa = PBXFileReference; lastKnownFileType = sourcecode.swift; path = baseTableViewCell.swift; sourceTree = "<group>"; };
		EF45FA95293214A100EF9AB7 /* Friend.swift */ = {isa = PBXFileReference; lastKnownFileType = sourcecode.swift; path = Friend.swift; sourceTree = "<group>"; };
		EF45FA982932174B00EF9AB7 /* Reusable.swift */ = {isa = PBXFileReference; lastKnownFileType = sourcecode.swift; path = Reusable.swift; sourceTree = "<group>"; };
		EF45FA9C2932272900EF9AB7 /* FriendSection.swift */ = {isa = PBXFileReference; lastKnownFileType = sourcecode.swift; path = FriendSection.swift; sourceTree = "<group>"; };
		EF45FAA32932769600EF9AB7 /* EditProfileVC.swift */ = {isa = PBXFileReference; lastKnownFileType = sourcecode.swift; path = EditProfileVC.swift; sourceTree = "<group>"; };
		EF45FAA5293276A000EF9AB7 /* EditProfileReactor.swift */ = {isa = PBXFileReference; lastKnownFileType = sourcecode.swift; path = EditProfileReactor.swift; sourceTree = "<group>"; };
		EF45FAA82932824500EF9AB7 /* ReqFriendReactor.swift */ = {isa = PBXFileReference; lastKnownFileType = sourcecode.swift; path = ReqFriendReactor.swift; sourceTree = "<group>"; };
		EF45FAAA2932824F00EF9AB7 /* ReqFriendVC.swift */ = {isa = PBXFileReference; lastKnownFileType = sourcecode.swift; path = ReqFriendVC.swift; sourceTree = "<group>"; };
		EF5A7D4E290620B200E17206 /* MainTabbarFlow.swift */ = {isa = PBXFileReference; lastKnownFileType = sourcecode.swift; path = MainTabbarFlow.swift; sourceTree = "<group>"; };
		EF5A7D532906216A00E17206 /* MainTabbarVC.swift */ = {isa = PBXFileReference; lastKnownFileType = sourcecode.swift; path = MainTabbarVC.swift; sourceTree = "<group>"; };
		EF5A7D552906224D00E17206 /* HomeFlow.swift */ = {isa = PBXFileReference; lastKnownFileType = sourcecode.swift; path = HomeFlow.swift; sourceTree = "<group>"; };
		EF5A7D572906229900E17206 /* HomeVC.swift */ = {isa = PBXFileReference; lastKnownFileType = sourcecode.swift; path = HomeVC.swift; sourceTree = "<group>"; };
		EF5A7D5A290622C000E17206 /* HomeReactor.swift */ = {isa = PBXFileReference; lastKnownFileType = sourcecode.swift; path = HomeReactor.swift; sourceTree = "<group>"; };
		EF5A7D5C2906238600E17206 /* ProfileFlow.swift */ = {isa = PBXFileReference; lastKnownFileType = sourcecode.swift; path = ProfileFlow.swift; sourceTree = "<group>"; };
		EF5A7D5F290623E700E17206 /* ProfileVC.swift */ = {isa = PBXFileReference; lastKnownFileType = sourcecode.swift; path = ProfileVC.swift; sourceTree = "<group>"; };
		EF5A7D612906240600E17206 /* ProfileReactor.swift */ = {isa = PBXFileReference; lastKnownFileType = sourcecode.swift; path = ProfileReactor.swift; sourceTree = "<group>"; };
		EF655F5128D7F8D8003C1C86 /* SignUpRequest.swift */ = {isa = PBXFileReference; lastKnownFileType = sourcecode.swift; path = SignUpRequest.swift; sourceTree = "<group>"; };
		EF655F5528D7FAE8003C1C86 /* baseRemote.swift */ = {isa = PBXFileReference; lastKnownFileType = sourcecode.swift; path = baseRemote.swift; sourceTree = "<group>"; };
		EF655F5828D7FD89003C1C86 /* TokenError.swift */ = {isa = PBXFileReference; lastKnownFileType = sourcecode.swift; path = TokenError.swift; sourceTree = "<group>"; };
		EF655F6028D7FF30003C1C86 /* DaverError.swift */ = {isa = PBXFileReference; lastKnownFileType = sourcecode.swift; path = DaverError.swift; sourceTree = "<group>"; };
		EF655F6328D803C9003C1C86 /* TokenRefreshRequest.swift */ = {isa = PBXFileReference; lastKnownFileType = sourcecode.swift; path = TokenRefreshRequest.swift; sourceTree = "<group>"; };
		EF655F6628D80400003C1C86 /* AuthController.swift */ = {isa = PBXFileReference; lastKnownFileType = sourcecode.swift; path = AuthController.swift; sourceTree = "<group>"; };
		EF655F6928D8042D003C1C86 /* DaverTokenAPI.swift */ = {isa = PBXFileReference; lastKnownFileType = sourcecode.swift; path = DaverTokenAPI.swift; sourceTree = "<group>"; };
		EF655F6C28D804C1003C1C86 /* Response.swift */ = {isa = PBXFileReference; lastKnownFileType = sourcecode.swift; path = Response.swift; sourceTree = "<group>"; };
		EF655F6F28D80527003C1C86 /* AuthRemote.swift */ = {isa = PBXFileReference; lastKnownFileType = sourcecode.swift; path = AuthRemote.swift; sourceTree = "<group>"; };
		EF655F7128D8056A003C1C86 /* DaverAuthAPI.swift */ = {isa = PBXFileReference; lastKnownFileType = sourcecode.swift; path = DaverAuthAPI.swift; sourceTree = "<group>"; };
		EF655F7328D8060C003C1C86 /* Constants.swift */ = {isa = PBXFileReference; lastKnownFileType = sourcecode.swift; path = Constants.swift; sourceTree = "<group>"; };
		EF655F7728D808AC003C1C86 /* AuthDataSource.swift */ = {isa = PBXFileReference; lastKnownFileType = sourcecode.swift; path = AuthDataSource.swift; sourceTree = "<group>"; };
		EF655F7928D808BD003C1C86 /* baseDataSource.swift */ = {isa = PBXFileReference; lastKnownFileType = sourcecode.swift; path = baseDataSource.swift; sourceTree = "<group>"; };
		EF655F7D28D8099C003C1C86 /* AuthRepository.swift */ = {isa = PBXFileReference; lastKnownFileType = sourcecode.swift; path = AuthRepository.swift; sourceTree = "<group>"; };
		EF655F8128D809DE003C1C86 /* AuthRepositoryImpl.swift */ = {isa = PBXFileReference; lastKnownFileType = sourcecode.swift; path = AuthRepositoryImpl.swift; sourceTree = "<group>"; };
		EF655F8428D80AB7003C1C86 /* ParamUseCase.swift */ = {isa = PBXFileReference; lastKnownFileType = sourcecode.swift; path = ParamUseCase.swift; sourceTree = "<group>"; };
		EF655F8728D80AC9003C1C86 /* SignUpUseCase.swift */ = {isa = PBXFileReference; lastKnownFileType = sourcecode.swift; path = SignUpUseCase.swift; sourceTree = "<group>"; };
		EF730B7928BDAC320027DF71 /* Daver_iOS_V1.app */ = {isa = PBXFileReference; explicitFileType = wrapper.application; includeInIndex = 0; path = Daver_iOS_V1.app; sourceTree = BUILT_PRODUCTS_DIR; };
		EF730B7C28BDAC320027DF71 /* AppDelegate.swift */ = {isa = PBXFileReference; lastKnownFileType = sourcecode.swift; path = AppDelegate.swift; sourceTree = "<group>"; };
		EF730B7E28BDAC320027DF71 /* SceneDelegate.swift */ = {isa = PBXFileReference; lastKnownFileType = sourcecode.swift; path = SceneDelegate.swift; sourceTree = "<group>"; };
		EF730B8628BDAC320027DF71 /* Daver_iOS_V1.xcdatamodel */ = {isa = PBXFileReference; lastKnownFileType = wrapper.xcdatamodel; path = Daver_iOS_V1.xcdatamodel; sourceTree = "<group>"; };
		EF730B8828BDAC320027DF71 /* Assets.xcassets */ = {isa = PBXFileReference; lastKnownFileType = folder.assetcatalog; path = Assets.xcassets; sourceTree = "<group>"; };
		EF730B8B28BDAC320027DF71 /* Base */ = {isa = PBXFileReference; lastKnownFileType = file.storyboard; name = Base; path = Base.lproj/LaunchScreen.storyboard; sourceTree = "<group>"; };
		EF730B8D28BDAC320027DF71 /* Info.plist */ = {isa = PBXFileReference; lastKnownFileType = text.plist.xml; path = Info.plist; sourceTree = "<group>"; };
		EF730B9228BDAC320027DF71 /* Daver_iOS_V1Tests.xctest */ = {isa = PBXFileReference; explicitFileType = wrapper.cfbundle; includeInIndex = 0; path = Daver_iOS_V1Tests.xctest; sourceTree = BUILT_PRODUCTS_DIR; };
		EF730B9628BDAC320027DF71 /* Daver_iOS_V1Tests.swift */ = {isa = PBXFileReference; lastKnownFileType = sourcecode.swift; path = Daver_iOS_V1Tests.swift; sourceTree = "<group>"; };
		EF730B9C28BDAC320027DF71 /* Daver_iOS_V1UITests.xctest */ = {isa = PBXFileReference; explicitFileType = wrapper.cfbundle; includeInIndex = 0; path = Daver_iOS_V1UITests.xctest; sourceTree = BUILT_PRODUCTS_DIR; };
		EF730BA028BDAC320027DF71 /* Daver_iOS_V1UITests.swift */ = {isa = PBXFileReference; lastKnownFileType = sourcecode.swift; path = Daver_iOS_V1UITests.swift; sourceTree = "<group>"; };
		EF730BA228BDAC320027DF71 /* Daver_iOS_V1UITestsLaunchTests.swift */ = {isa = PBXFileReference; lastKnownFileType = sourcecode.swift; path = Daver_iOS_V1UITestsLaunchTests.swift; sourceTree = "<group>"; };
		EF730BB728BDAEEE0027DF71 /* SignInVC.swift */ = {isa = PBXFileReference; lastKnownFileType = sourcecode.swift; path = SignInVC.swift; sourceTree = "<group>"; };
		EF730BBA28BDAEF70027DF71 /* baseVC.swift */ = {isa = PBXFileReference; lastKnownFileType = sourcecode.swift; path = baseVC.swift; sourceTree = "<group>"; };
		EF730BBC28BDAF0B0027DF71 /* SignInReactor.swift */ = {isa = PBXFileReference; lastKnownFileType = sourcecode.swift; path = SignInReactor.swift; sourceTree = "<group>"; };
		EF7A17B628D6028C005A354C /* DependencyProvider.swift */ = {isa = PBXFileReference; lastKnownFileType = sourcecode.swift; path = DependencyProvider.swift; sourceTree = "<group>"; };
		EF7A17B828D603C8005A354C /* ViewControllerAssembly.swift */ = {isa = PBXFileReference; lastKnownFileType = sourcecode.swift; path = ViewControllerAssembly.swift; sourceTree = "<group>"; };
		EF7A17BA28D603FC005A354C /* UseCaseAssembly.swift */ = {isa = PBXFileReference; lastKnownFileType = sourcecode.swift; path = UseCaseAssembly.swift; sourceTree = "<group>"; };
		EF7A17BC28D60403005A354C /* DataSourceAssembly.swift */ = {isa = PBXFileReference; lastKnownFileType = sourcecode.swift; path = DataSourceAssembly.swift; sourceTree = "<group>"; };
		EF7A17BE28D60409005A354C /* ReactorAssembly.swift */ = {isa = PBXFileReference; lastKnownFileType = sourcecode.swift; path = ReactorAssembly.swift; sourceTree = "<group>"; };
		EF7A17C028D6040E005A354C /* RepositoryAssembly.swift */ = {isa = PBXFileReference; lastKnownFileType = sourcecode.swift; path = RepositoryAssembly.swift; sourceTree = "<group>"; };
		EF7A17C228D611BB005A354C /* FlowAssembly.swift */ = {isa = PBXFileReference; lastKnownFileType = sourcecode.swift; path = FlowAssembly.swift; sourceTree = "<group>"; };
		EF7A17C428D611D9005A354C /* StepperAssembly.swift */ = {isa = PBXFileReference; lastKnownFileType = sourcecode.swift; path = StepperAssembly.swift; sourceTree = "<group>"; };
		EF7A17C728D61B19005A354C /* UITextFieldExt.swift */ = {isa = PBXFileReference; lastKnownFileType = sourcecode.swift; path = UITextFieldExt.swift; sourceTree = "<group>"; };
		EF7A17CC28D6B77F005A354C /* SignUpVC.swift */ = {isa = PBXFileReference; lastKnownFileType = sourcecode.swift; path = SignUpVC.swift; sourceTree = "<group>"; };
		EF7A17CE28D6B786005A354C /* SignUpReactor.swift */ = {isa = PBXFileReference; lastKnownFileType = sourcecode.swift; path = SignUpReactor.swift; sourceTree = "<group>"; };
		EF7A17D128D6B967005A354C /* UnderLineTextField.swift */ = {isa = PBXFileReference; lastKnownFileType = sourcecode.swift; path = UnderLineTextField.swift; sourceTree = "<group>"; };
		EF7C184F28BDB425000B3D52 /* DaverStep.swift */ = {isa = PBXFileReference; lastKnownFileType = sourcecode.swift; path = DaverStep.swift; sourceTree = "<group>"; };
		EF9D5E882919F2A300FC69DD /* FriendFlow.swift */ = {isa = PBXFileReference; lastKnownFileType = sourcecode.swift; path = FriendFlow.swift; sourceTree = "<group>"; };
		EF9D5E8B2919F43500FC69DD /* FriendVC.swift */ = {isa = PBXFileReference; lastKnownFileType = sourcecode.swift; path = FriendVC.swift; sourceTree = "<group>"; };
		EF9D5E8D2919F43D00FC69DD /* FriendReactor.swift */ = {isa = PBXFileReference; lastKnownFileType = sourcecode.swift; path = FriendReactor.swift; sourceTree = "<group>"; };
		EFA4F54928FBFD9500C319A4 /* SignInRequest.swift */ = {isa = PBXFileReference; lastKnownFileType = sourcecode.swift; path = SignInRequest.swift; sourceTree = "<group>"; };
		EFA4F54B28FCE50600C319A4 /* SignInUseCase.swift */ = {isa = PBXFileReference; lastKnownFileType = sourcecode.swift; path = SignInUseCase.swift; sourceTree = "<group>"; };
		EFA4F54E28FCEF0400C319A4 /* SignInResponse.swift */ = {isa = PBXFileReference; lastKnownFileType = sourcecode.swift; path = SignInResponse.swift; sourceTree = "<group>"; };
		EFA4F55228FCEFCE00C319A4 /* Member.swift */ = {isa = PBXFileReference; lastKnownFileType = sourcecode.swift; path = Member.swift; sourceTree = "<group>"; };
		EFF9EFDD28DAB61800419AA1 /* SignInTextField.swift */ = {isa = PBXFileReference; lastKnownFileType = sourcecode.swift; path = SignInTextField.swift; sourceTree = "<group>"; };
		EFF9EFDF28DAC99000419AA1 /* DivisionLine.swift */ = {isa = PBXFileReference; lastKnownFileType = sourcecode.swift; path = DivisionLine.swift; sourceTree = "<group>"; };
		EFF9EFE228DADC6100419AA1 /* UIImageExt.swift */ = {isa = PBXFileReference; lastKnownFileType = sourcecode.swift; path = UIImageExt.swift; sourceTree = "<group>"; };
/* End PBXFileReference section */

/* Begin PBXFrameworksBuildPhase section */
		EF730B7628BDAC320027DF71 /* Frameworks */ = {
			isa = PBXFrameworksBuildPhase;
			buildActionMask = 2147483647;
			files = (
				8DF122C0B34D2047F079646F /* Pods_Daver_iOS_V1.framework in Frameworks */,
			);
			runOnlyForDeploymentPostprocessing = 0;
		};
		EF730B8F28BDAC320027DF71 /* Frameworks */ = {
			isa = PBXFrameworksBuildPhase;
			buildActionMask = 2147483647;
			files = (
				BC9B39DB5362EFE7E2BD8C1A /* Pods_Daver_iOS_V1Tests.framework in Frameworks */,
			);
			runOnlyForDeploymentPostprocessing = 0;
		};
		EF730B9928BDAC320027DF71 /* Frameworks */ = {
			isa = PBXFrameworksBuildPhase;
			buildActionMask = 2147483647;
			files = (
				9AA17EB43C48753A9F92D949 /* Pods_Daver_iOS_V1_Daver_iOS_V1UITests.framework in Frameworks */,
			);
			runOnlyForDeploymentPostprocessing = 0;
		};
/* End PBXFrameworksBuildPhase section */

/* Begin PBXGroup section */
		160EE98486E33F33CF5C3B94 /* Pods */ = {
			isa = PBXGroup;
			children = (
				A4097869A16BCDBD8A8B90E1 /* Pods-Daver_iOS_V1.debug.xcconfig */,
				E9BAB7625F15E80302512DDE /* Pods-Daver_iOS_V1.release.xcconfig */,
				E0DDC239D1995CFAF115A6DD /* Pods-Daver_iOS_V1-Daver_iOS_V1UITests.debug.xcconfig */,
				EDADD5558EBBD206D57B2996 /* Pods-Daver_iOS_V1-Daver_iOS_V1UITests.release.xcconfig */,
				A033CEB233BE3F336E234FB6 /* Pods-Daver_iOS_V1Tests.debug.xcconfig */,
				BE5F38F60DC99C9BF23B3652 /* Pods-Daver_iOS_V1Tests.release.xcconfig */,
			);
			path = Pods;
			sourceTree = "<group>";
		};
		5192FF9365827853E357C979 /* Frameworks */ = {
			isa = PBXGroup;
			children = (
				BC250CFE03DCAB168E4E67C4 /* Pods_Daver_iOS_V1.framework */,
				8B809DED6B5B6CE36F8C0A4F /* Pods_Daver_iOS_V1_Daver_iOS_V1UITests.framework */,
				934B585A32D7B695ADF781B6 /* Pods_Daver_iOS_V1Tests.framework */,
			);
			name = Frameworks;
			sourceTree = "<group>";
		};
		EF116EDD2910DBC900D9053E /* People */ = {
			isa = PBXGroup;
			children = (
				EF116EDE2910DBCE00D9053E /* People.swift */,
			);
			path = People;
			sourceTree = "<group>";
		};
		EF116EE02910DE5900D9053E /* Home */ = {
			isa = PBXGroup;
			children = (
				EF116EE12910DE5E00D9053E /* FetchPeopleLocationUseCase.swift */,
			);
			path = Home;
			sourceTree = "<group>";
		};
		EF116EE32910DF3400D9053E /* Home */ = {
			isa = PBXGroup;
			children = (
				EF116EE42910DF3A00D9053E /* PeopleRepository.swift */,
			);
			path = Home;
			sourceTree = "<group>";
		};
		EF116EE62910E16E00D9053E /* Home */ = {
			isa = PBXGroup;
			children = (
				EF116EE72910E19300D9053E /* PeopleRepositoryImpl.swift */,
			);
			path = Home;
			sourceTree = "<group>";
		};
		EF116EE92910F6B800D9053E /* Home */ = {
			isa = PBXGroup;
			children = (
				EF116EEA2910F6BF00D9053E /* PeopleInfoDataSource.swift */,
			);
			path = Home;
			sourceTree = "<group>";
		};
		EF116EEC2910F75700D9053E /* Home */ = {
			isa = PBXGroup;
			children = (
				EF116EED2910F75C00D9053E /* PeopleInfoRemote.swift */,
			);
			path = Home;
			sourceTree = "<group>";
		};
		EF116EEF2910F79400D9053E /* Home */ = {
			isa = PBXGroup;
			children = (
				EF116EF02910F79800D9053E /* PeopleInfoAPI.swift */,
			);
			path = Home;
			sourceTree = "<group>";
		};
		EF116EF22910F8BC00D9053E /* People */ = {
			isa = PBXGroup;
			children = (
				EF116EF32910F8CB00D9053E /* PeopleData.swift */,
			);
			path = People;
			sourceTree = "<group>";
		};
		EF17332828C5A488004E9536 /* UIKit */ = {
			isa = PBXGroup;
			children = (
				EF45FA972932173500EF9AB7 /* Reusable */,
				EFF9EFE128DADC5600419AA1 /* UIImage */,
				EF7A17C628D61B0C005A354C /* UITextField */,
				EF3AEE8028C594D700743327 /* UINavigation */,
				EF3AEE7D28C5947C00743327 /* UIView */,
			);
			path = UIKit;
			sourceTree = "<group>";
		};
		EF17332928C5A48F004E9536 /* Rx */ = {
			isa = PBXGroup;
			children = (
				EF17332A28C5A493004E9536 /* RxFlow */,
			);
			path = Rx;
			sourceTree = "<group>";
		};
		EF17332A28C5A493004E9536 /* RxFlow */ = {
			isa = PBXGroup;
			children = (
				EF17332B28C5A4A0004E9536 /* Step */,
			);
			path = RxFlow;
			sourceTree = "<group>";
		};
		EF17332B28C5A4A0004E9536 /* Step */ = {
			isa = PBXGroup;
			children = (
				EF17332C28C5A4A3004E9536 /* StepExt */,
			);
			path = Step;
			sourceTree = "<group>";
		};
		EF17332C28C5A4A3004E9536 /* StepExt */ = {
			isa = PBXGroup;
			children = (
				EF17332D28C5A4B0004E9536 /* StepExt.swift */,
			);
			path = StepExt;
			sourceTree = "<group>";
		};
		EF3AEE7B28C5946B00743327 /* Util */ = {
			isa = PBXGroup;
			children = (
				EF3AEE7C28C5947600743327 /* Extension */,
			);
			path = Util;
			sourceTree = "<group>";
		};
		EF3AEE7C28C5947600743327 /* Extension */ = {
			isa = PBXGroup;
			children = (
				EF17332928C5A48F004E9536 /* Rx */,
				EF17332828C5A488004E9536 /* UIKit */,
			);
			path = Extension;
			sourceTree = "<group>";
		};
		EF3AEE7D28C5947C00743327 /* UIView */ = {
			isa = PBXGroup;
			children = (
				EF3AEE7E28C5948700743327 /* UIViewExt.swift */,
			);
			path = UIView;
			sourceTree = "<group>";
		};
		EF3AEE8028C594D700743327 /* UINavigation */ = {
			isa = PBXGroup;
			children = (
				EF3AEE8128C594E800743327 /* UINavigationExt.swift */,
			);
			path = UINavigation;
			sourceTree = "<group>";
		};
		EF3AEE8528C5A15200743327 /* Flows */ = {
			isa = PBXGroup;
			children = (
				EF5A7D4B2906202A00E17206 /* Main */,
				EF3AEE8628C5A15B00743327 /* OnBoardingFlow.swift */,
			);
			path = Flows;
			sourceTree = "<group>";
		};
		EF3AEE8828C5A1AA00743327 /* DI */ = {
			isa = PBXGroup;
			children = (
				EF3AEE8B28C5A2F700743327 /* Container */,
				EF3AEE8928C5A1B900743327 /* Inject.swift */,
			);
			path = DI;
			sourceTree = "<group>";
		};
		EF3AEE8B28C5A2F700743327 /* Container */ = {
			isa = PBXGroup;
			children = (
				EF7A17B428D60265005A354C /* Provider */,
				EF7A17B528D60273005A354C /* Assembly */,
				EF3AEE8C28C5A30300743327 /* AppDI.swift */,
			);
			path = Container;
			sourceTree = "<group>";
		};
		EF45FA8F293213FE00EF9AB7 /* View */ = {
			isa = PBXGroup;
			children = (
				EF45FA9B2932271C00EF9AB7 /* Section */,
				EF45FA9A2932271700EF9AB7 /* Cell */,
			);
			path = View;
			sourceTree = "<group>";
		};
		EF45FA942932149B00EF9AB7 /* Friend */ = {
			isa = PBXGroup;
			children = (
				EF45FA95293214A100EF9AB7 /* Friend.swift */,
			);
			path = Friend;
			sourceTree = "<group>";
		};
		EF45FA972932173500EF9AB7 /* Reusable */ = {
			isa = PBXGroup;
			children = (
				EF45FA982932174B00EF9AB7 /* Reusable.swift */,
			);
			path = Reusable;
			sourceTree = "<group>";
		};
		EF45FA9A2932271700EF9AB7 /* Cell */ = {
			isa = PBXGroup;
			children = (
				EF45FA902932141300EF9AB7 /* FriendCell.swift */,
			);
			path = Cell;
			sourceTree = "<group>";
		};
		EF45FA9B2932271C00EF9AB7 /* Section */ = {
			isa = PBXGroup;
			children = (
				EF45FA9C2932272900EF9AB7 /* FriendSection.swift */,
			);
			path = Section;
			sourceTree = "<group>";
		};
		EF45FAA12932767F00EF9AB7 /* MyProfile */ = {
			isa = PBXGroup;
			children = (
				EF5A7D5F290623E700E17206 /* ProfileVC.swift */,
				EF5A7D612906240600E17206 /* ProfileReactor.swift */,
			);
			path = MyProfile;
			sourceTree = "<group>";
		};
		EF45FAA22932768900EF9AB7 /* EditProfile */ = {
			isa = PBXGroup;
			children = (
				EF45FAA32932769600EF9AB7 /* EditProfileVC.swift */,
				EF45FAA5293276A000EF9AB7 /* EditProfileReactor.swift */,
			);
			path = EditProfile;
			sourceTree = "<group>";
		};
		EF45FAA72932823F00EF9AB7 /* ReqFriend */ = {
			isa = PBXGroup;
			children = (
				EF45FAA82932824500EF9AB7 /* ReqFriendReactor.swift */,
				EF45FAAA2932824F00EF9AB7 /* ReqFriendVC.swift */,
			);
			path = ReqFriend;
			sourceTree = "<group>";
		};
		EF5A7D4B2906202A00E17206 /* Main */ = {
			isa = PBXGroup;
			children = (
				EF5A7D4D2906203500E17206 /* Items */,
				EF5A7D4C2906202C00E17206 /* Tabbar */,
			);
			path = Main;
			sourceTree = "<group>";
		};
		EF5A7D4C2906202C00E17206 /* Tabbar */ = {
			isa = PBXGroup;
			children = (
				EF5A7D4E290620B200E17206 /* MainTabbarFlow.swift */,
			);
			path = Tabbar;
			sourceTree = "<group>";
		};
		EF5A7D4D2906203500E17206 /* Items */ = {
			isa = PBXGroup;
			children = (
				EF5A7D552906224D00E17206 /* HomeFlow.swift */,
				EF5A7D5C2906238600E17206 /* ProfileFlow.swift */,
				EF9D5E882919F2A300FC69DD /* FriendFlow.swift */,
			);
			path = Items;
			sourceTree = "<group>";
		};
		EF5A7D502906214100E17206 /* Main */ = {
			isa = PBXGroup;
			children = (
				EF5A7D522906214C00E17206 /* TabItems */,
				EF5A7D512906214200E17206 /* TabVC */,
			);
			path = Main;
			sourceTree = "<group>";
		};
		EF5A7D512906214200E17206 /* TabVC */ = {
			isa = PBXGroup;
			children = (
				EF5A7D532906216A00E17206 /* MainTabbarVC.swift */,
			);
			path = TabVC;
			sourceTree = "<group>";
		};
		EF5A7D522906214C00E17206 /* TabItems */ = {
			isa = PBXGroup;
			children = (
				EF9D5E8A2919F42D00FC69DD /* Friend */,
				EF5A7D5E290623DF00E17206 /* Profile */,
				EF5A7D59290622B200E17206 /* Home */,
			);
			path = TabItems;
			sourceTree = "<group>";
		};
		EF5A7D59290622B200E17206 /* Home */ = {
			isa = PBXGroup;
			children = (
				EF5A7D572906229900E17206 /* HomeVC.swift */,
				EF5A7D5A290622C000E17206 /* HomeReactor.swift */,
			);
			path = Home;
			sourceTree = "<group>";
		};
		EF5A7D5E290623DF00E17206 /* Profile */ = {
			isa = PBXGroup;
			children = (
				EF45FAA22932768900EF9AB7 /* EditProfile */,
				EF45FAA12932767F00EF9AB7 /* MyProfile */,
			);
			path = Profile;
			sourceTree = "<group>";
		};
		EF655F4F28D7F8C2003C1C86 /* Network */ = {
			isa = PBXGroup;
			children = (
				EF655F6B28D804AC003C1C86 /* Response */,
				EF655F5028D7F8CC003C1C86 /* Request */,
			);
			path = Network;
			sourceTree = "<group>";
		};
		EF655F5028D7F8CC003C1C86 /* Request */ = {
			isa = PBXGroup;
			children = (
				EFA4F54728FBFD8100C319A4 /* Auth */,
				EF655F6228D803BD003C1C86 /* Token */,
			);
			path = Request;
			sourceTree = "<group>";
		};
		EF655F5328D7FA38003C1C86 /* Remote */ = {
			isa = PBXGroup;
			children = (
				EF116EEC2910F75700D9053E /* Home */,
				EF655F6E28D8051A003C1C86 /* Auth */,
				EF655F5528D7FAE8003C1C86 /* baseRemote.swift */,
			);
			path = Remote;
			sourceTree = "<group>";
		};
		EF655F5428D7FA4A003C1C86 /* API */ = {
			isa = PBXGroup;
			children = (
				EF116EEF2910F79400D9053E /* Home */,
				EF655F6828D8041D003C1C86 /* Auth */,
			);
			path = API;
			sourceTree = "<group>";
		};
		EF655F5728D7FD7F003C1C86 /* Error */ = {
			isa = PBXGroup;
			children = (
				EF655F5828D7FD89003C1C86 /* TokenError.swift */,
				EF655F6028D7FF30003C1C86 /* DaverError.swift */,
			);
			path = Error;
			sourceTree = "<group>";
		};
		EF655F6228D803BD003C1C86 /* Token */ = {
			isa = PBXGroup;
			children = (
				EF655F6328D803C9003C1C86 /* TokenRefreshRequest.swift */,
			);
			path = Token;
			sourceTree = "<group>";
		};
		EF655F6528D803E2003C1C86 /* Util */ = {
			isa = PBXGroup;
			children = (
				EF655F6628D80400003C1C86 /* AuthController.swift */,
				EF655F7328D8060C003C1C86 /* Constants.swift */,
			);
			path = Util;
			sourceTree = "<group>";
		};
		EF655F6828D8041D003C1C86 /* Auth */ = {
			isa = PBXGroup;
			children = (
				EF655F6928D8042D003C1C86 /* DaverTokenAPI.swift */,
				EF655F7128D8056A003C1C86 /* DaverAuthAPI.swift */,
			);
			path = Auth;
			sourceTree = "<group>";
		};
		EF655F6B28D804AC003C1C86 /* Response */ = {
			isa = PBXGroup;
			children = (
				EF116EF22910F8BC00D9053E /* People */,
				EFA4F54D28FCEEFB00C319A4 /* SignIn */,
				EF655F6C28D804C1003C1C86 /* Response.swift */,
			);
			path = Response;
			sourceTree = "<group>";
		};
		EF655F6E28D8051A003C1C86 /* Auth */ = {
			isa = PBXGroup;
			children = (
				EF655F6F28D80527003C1C86 /* AuthRemote.swift */,
			);
			path = Auth;
			sourceTree = "<group>";
		};
		EF655F7528D80897003C1C86 /* DataSource */ = {
			isa = PBXGroup;
			children = (
				EF116EE92910F6B800D9053E /* Home */,
				EF655F7628D808A2003C1C86 /* Auth */,
				EF655F7928D808BD003C1C86 /* baseDataSource.swift */,
			);
			path = DataSource;
			sourceTree = "<group>";
		};
		EF655F7628D808A2003C1C86 /* Auth */ = {
			isa = PBXGroup;
			children = (
				EF655F7728D808AC003C1C86 /* AuthDataSource.swift */,
			);
			path = Auth;
			sourceTree = "<group>";
		};
		EF655F7B28D80986003C1C86 /* Repository */ = {
			isa = PBXGroup;
			children = (
				EF116EE32910DF3400D9053E /* Home */,
				EF655F7C28D80995003C1C86 /* Auth */,
			);
			path = Repository;
			sourceTree = "<group>";
		};
		EF655F7C28D80995003C1C86 /* Auth */ = {
			isa = PBXGroup;
			children = (
				EF655F7D28D8099C003C1C86 /* AuthRepository.swift */,
			);
			path = Auth;
			sourceTree = "<group>";
		};
		EF655F7F28D809B9003C1C86 /* Repository */ = {
			isa = PBXGroup;
			children = (
				EF116EE62910E16E00D9053E /* Home */,
				EF655F8028D809C9003C1C86 /* Auth */,
			);
			path = Repository;
			sourceTree = "<group>";
		};
		EF655F8028D809C9003C1C86 /* Auth */ = {
			isa = PBXGroup;
			children = (
				EF655F8128D809DE003C1C86 /* AuthRepositoryImpl.swift */,
			);
			path = Auth;
			sourceTree = "<group>";
		};
		EF655F8328D80A9B003C1C86 /* UseCase */ = {
			isa = PBXGroup;
			children = (
				EF116EE02910DE5900D9053E /* Home */,
				EF655F8628D80ABC003C1C86 /* Auth */,
				EF655F8428D80AB7003C1C86 /* ParamUseCase.swift */,
				EF116EF52910F98600D9053E /* baseUseCase.swift */,
			);
			path = UseCase;
			sourceTree = "<group>";
		};
		EF655F8628D80ABC003C1C86 /* Auth */ = {
			isa = PBXGroup;
			children = (
				EF655F8728D80AC9003C1C86 /* SignUpUseCase.swift */,
				EFA4F54B28FCE50600C319A4 /* SignInUseCase.swift */,
			);
			path = Auth;
			sourceTree = "<group>";
		};
		EF730B7028BDAC320027DF71 = {
			isa = PBXGroup;
			children = (
				EF730B7B28BDAC320027DF71 /* Daver_iOS_V1 */,
				EF730B9528BDAC320027DF71 /* Daver_iOS_V1Tests */,
				EF730B9F28BDAC320027DF71 /* Daver_iOS_V1UITests */,
				EF730B7A28BDAC320027DF71 /* Products */,
				160EE98486E33F33CF5C3B94 /* Pods */,
				5192FF9365827853E357C979 /* Frameworks */,
			);
			sourceTree = "<group>";
		};
		EF730B7A28BDAC320027DF71 /* Products */ = {
			isa = PBXGroup;
			children = (
				EF730B7928BDAC320027DF71 /* Daver_iOS_V1.app */,
				EF730B9228BDAC320027DF71 /* Daver_iOS_V1Tests.xctest */,
				EF730B9C28BDAC320027DF71 /* Daver_iOS_V1UITests.xctest */,
			);
			name = Products;
			sourceTree = "<group>";
		};
		EF730B7B28BDAC320027DF71 /* Daver_iOS_V1 */ = {
			isa = PBXGroup;
			children = (
				EF730BB128BDAE170027DF71 /* Source */,
				EF730BAF28BDADA20027DF71 /* Resource */,
				EF730BB028BDADB00027DF71 /* Support */,
			);
			path = Daver_iOS_V1;
			sourceTree = "<group>";
		};
		EF730B9528BDAC320027DF71 /* Daver_iOS_V1Tests */ = {
			isa = PBXGroup;
			children = (
				EF730B9628BDAC320027DF71 /* Daver_iOS_V1Tests.swift */,
			);
			path = Daver_iOS_V1Tests;
			sourceTree = "<group>";
		};
		EF730B9F28BDAC320027DF71 /* Daver_iOS_V1UITests */ = {
			isa = PBXGroup;
			children = (
				EF730BA028BDAC320027DF71 /* Daver_iOS_V1UITests.swift */,
				EF730BA228BDAC320027DF71 /* Daver_iOS_V1UITestsLaunchTests.swift */,
			);
			path = Daver_iOS_V1UITests;
			sourceTree = "<group>";
		};
		EF730BAF28BDADA20027DF71 /* Resource */ = {
			isa = PBXGroup;
			children = (
				EF730B8828BDAC320027DF71 /* Assets.xcassets */,
				EF730B8A28BDAC320027DF71 /* LaunchScreen.storyboard */,
			);
			path = Resource;
			sourceTree = "<group>";
		};
		EF730BB028BDADB00027DF71 /* Support */ = {
			isa = PBXGroup;
			children = (
				EF730B8D28BDAC320027DF71 /* Info.plist */,
				EF730B8528BDAC320027DF71 /* Daver_iOS_V1.xcdatamodeld */,
			);
			path = Support;
			sourceTree = "<group>";
		};
		EF730BB128BDAE170027DF71 /* Source */ = {
			isa = PBXGroup;
			children = (
				EF730BB228BDAE1F0027DF71 /* Application */,
				EF730BB528BDAED10027DF71 /* Domain */,
				EF730BB428BDAECC0027DF71 /* Data */,
				EF730BB328BDAEC00027DF71 /* Presentation */,
			);
			path = Source;
			sourceTree = "<group>";
		};
		EF730BB228BDAE1F0027DF71 /* Application */ = {
			isa = PBXGroup;
			children = (
				EF3AEE8828C5A1AA00743327 /* DI */,
				EF7C184E28BDB41A000B3D52 /* Flow */,
				EF7C184D28BDB416000B3D52 /* Step */,
				EF730B7C28BDAC320027DF71 /* AppDelegate.swift */,
				EF730B7E28BDAC320027DF71 /* SceneDelegate.swift */,
			);
			path = Application;
			sourceTree = "<group>";
		};
		EF730BB328BDAEC00027DF71 /* Presentation */ = {
			isa = PBXGroup;
			children = (
				EF7A17D028D6B956005A354C /* Common */,
				EF730BB928BDAEF00027DF71 /* Base */,
				EF7A17C928D61B58005A354C /* Scene */,
				EF3AEE7B28C5946B00743327 /* Util */,
			);
			path = Presentation;
			sourceTree = "<group>";
		};
		EF730BB428BDAECC0027DF71 /* Data */ = {
			isa = PBXGroup;
			children = (
				EF655F7F28D809B9003C1C86 /* Repository */,
				EF655F7528D80897003C1C86 /* DataSource */,
				EF655F6528D803E2003C1C86 /* Util */,
				EF655F5428D7FA4A003C1C86 /* API */,
				EF655F5328D7FA38003C1C86 /* Remote */,
				EF655F4F28D7F8C2003C1C86 /* Network */,
			);
			path = Data;
			sourceTree = "<group>";
		};
		EF730BB528BDAED10027DF71 /* Domain */ = {
			isa = PBXGroup;
			children = (
				EFA4F55028FCEFB900C319A4 /* Model */,
				EF655F8328D80A9B003C1C86 /* UseCase */,
				EF655F7B28D80986003C1C86 /* Repository */,
				EF655F5728D7FD7F003C1C86 /* Error */,
			);
			path = Domain;
			sourceTree = "<group>";
		};
		EF730BB628BDAEE00027DF71 /* SignIn */ = {
			isa = PBXGroup;
			children = (
				EF730BB728BDAEEE0027DF71 /* SignInVC.swift */,
				EF730BBC28BDAF0B0027DF71 /* SignInReactor.swift */,
			);
			path = SignIn;
			sourceTree = "<group>";
		};
		EF730BB928BDAEF00027DF71 /* Base */ = {
			isa = PBXGroup;
			children = (
				EF730BBA28BDAEF70027DF71 /* baseVC.swift */,
				EF45FA922932147900EF9AB7 /* baseTableViewCell.swift */,
			);
			path = Base;
			sourceTree = "<group>";
		};
		EF7A17B428D60265005A354C /* Provider */ = {
			isa = PBXGroup;
			children = (
				EF7A17B628D6028C005A354C /* DependencyProvider.swift */,
			);
			path = Provider;
			sourceTree = "<group>";
		};
		EF7A17B528D60273005A354C /* Assembly */ = {
			isa = PBXGroup;
			children = (
				EF7A17B828D603C8005A354C /* ViewControllerAssembly.swift */,
				EF7A17BA28D603FC005A354C /* UseCaseAssembly.swift */,
				EF7A17BC28D60403005A354C /* DataSourceAssembly.swift */,
				EF7A17BE28D60409005A354C /* ReactorAssembly.swift */,
				EF7A17C028D6040E005A354C /* RepositoryAssembly.swift */,
				EF7A17C228D611BB005A354C /* FlowAssembly.swift */,
				EF7A17C428D611D9005A354C /* StepperAssembly.swift */,
			);
			path = Assembly;
			sourceTree = "<group>";
		};
		EF7A17C628D61B0C005A354C /* UITextField */ = {
			isa = PBXGroup;
			children = (
				EF7A17C728D61B19005A354C /* UITextFieldExt.swift */,
			);
			path = UITextField;
			sourceTree = "<group>";
		};
		EF7A17C928D61B58005A354C /* Scene */ = {
			isa = PBXGroup;
			children = (
				EF5A7D502906214100E17206 /* Main */,
				EF7A17CA28D6B76F005A354C /* Auth */,
			);
			path = Scene;
			sourceTree = "<group>";
		};
		EF7A17CA28D6B76F005A354C /* Auth */ = {
			isa = PBXGroup;
			children = (
				EFF9EFE428DAEE7600419AA1 /* Common */,
				EF730BB628BDAEE00027DF71 /* SignIn */,
				EF7A17CB28D6B771005A354C /* SignUp */,
			);
			path = Auth;
			sourceTree = "<group>";
		};
		EF7A17CB28D6B771005A354C /* SignUp */ = {
			isa = PBXGroup;
			children = (
				EF7A17CC28D6B77F005A354C /* SignUpVC.swift */,
				EF7A17CE28D6B786005A354C /* SignUpReactor.swift */,
			);
			path = SignUp;
			sourceTree = "<group>";
		};
		EF7A17D028D6B956005A354C /* Common */ = {
			isa = PBXGroup;
			children = (
				EF7A17D128D6B967005A354C /* UnderLineTextField.swift */,
			);
			path = Common;
			sourceTree = "<group>";
		};
		EF7C184D28BDB416000B3D52 /* Step */ = {
			isa = PBXGroup;
			children = (
				EF7C184F28BDB425000B3D52 /* DaverStep.swift */,
			);
			path = Step;
			sourceTree = "<group>";
		};
		EF7C184E28BDB41A000B3D52 /* Flow */ = {
			isa = PBXGroup;
			children = (
				EF3AEE8528C5A15200743327 /* Flows */,
				EF3AEE8328C5A10900743327 /* AppFlow.swift */,
			);
			path = Flow;
			sourceTree = "<group>";
		};
		EF9D5E8A2919F42D00FC69DD /* Friend */ = {
			isa = PBXGroup;
			children = (
				EF45FAA72932823F00EF9AB7 /* ReqFriend */,
				EF45FA8F293213FE00EF9AB7 /* View */,
				EF9D5E8B2919F43500FC69DD /* FriendVC.swift */,
				EF9D5E8D2919F43D00FC69DD /* FriendReactor.swift */,
			);
			path = Friend;
			sourceTree = "<group>";
		};
		EFA4F54728FBFD8100C319A4 /* Auth */ = {
			isa = PBXGroup;
			children = (
				EF655F5128D7F8D8003C1C86 /* SignUpRequest.swift */,
				EFA4F54928FBFD9500C319A4 /* SignInRequest.swift */,
			);
			path = Auth;
			sourceTree = "<group>";
		};
		EFA4F54D28FCEEFB00C319A4 /* SignIn */ = {
			isa = PBXGroup;
			children = (
				EFA4F54E28FCEF0400C319A4 /* SignInResponse.swift */,
			);
			path = SignIn;
			sourceTree = "<group>";
		};
		EFA4F55028FCEFB900C319A4 /* Model */ = {
			isa = PBXGroup;
			children = (
				EF45FA942932149B00EF9AB7 /* Friend */,
				EF116EDD2910DBC900D9053E /* People */,
				EFA4F55128FCEFC300C319A4 /* Member */,
			);
			path = Model;
			sourceTree = "<group>";
		};
		EFA4F55128FCEFC300C319A4 /* Member */ = {
			isa = PBXGroup;
			children = (
				EFA4F55228FCEFCE00C319A4 /* Member.swift */,
			);
			path = Member;
			sourceTree = "<group>";
		};
		EFF9EFE128DADC5600419AA1 /* UIImage */ = {
			isa = PBXGroup;
			children = (
				EFF9EFE228DADC6100419AA1 /* UIImageExt.swift */,
			);
			path = UIImage;
			sourceTree = "<group>";
		};
		EFF9EFE428DAEE7600419AA1 /* Common */ = {
			isa = PBXGroup;
			children = (
				EF3AEE7928C58FA200743327 /* SignInButton.swift */,
				EFF9EFDF28DAC99000419AA1 /* DivisionLine.swift */,
				EFF9EFDD28DAB61800419AA1 /* SignInTextField.swift */,
			);
			path = Common;
			sourceTree = "<group>";
		};
/* End PBXGroup section */

/* Begin PBXNativeTarget section */
		EF730B7828BDAC320027DF71 /* Daver_iOS_V1 */ = {
			isa = PBXNativeTarget;
			buildConfigurationList = EF730BA628BDAC320027DF71 /* Build configuration list for PBXNativeTarget "Daver_iOS_V1" */;
			buildPhases = (
				A8A214C66B58B64671C05C92 /* [CP] Check Pods Manifest.lock */,
				EF730B7528BDAC320027DF71 /* Sources */,
				EF730B7628BDAC320027DF71 /* Frameworks */,
				EF730B7728BDAC320027DF71 /* Resources */,
				7B536871D93EDE34DEA3314F /* [CP] Embed Pods Frameworks */,
			);
			buildRules = (
			);
			dependencies = (
			);
			name = Daver_iOS_V1;
			productName = Daver_iOS_V1;
			productReference = EF730B7928BDAC320027DF71 /* Daver_iOS_V1.app */;
			productType = "com.apple.product-type.application";
		};
		EF730B9128BDAC320027DF71 /* Daver_iOS_V1Tests */ = {
			isa = PBXNativeTarget;
			buildConfigurationList = EF730BA928BDAC320027DF71 /* Build configuration list for PBXNativeTarget "Daver_iOS_V1Tests" */;
			buildPhases = (
				4D25D33969A46CF72FDF42E3 /* [CP] Check Pods Manifest.lock */,
				EF730B8E28BDAC320027DF71 /* Sources */,
				EF730B8F28BDAC320027DF71 /* Frameworks */,
				EF730B9028BDAC320027DF71 /* Resources */,
			);
			buildRules = (
			);
			dependencies = (
				EF730B9428BDAC320027DF71 /* PBXTargetDependency */,
			);
			name = Daver_iOS_V1Tests;
			productName = Daver_iOS_V1Tests;
			productReference = EF730B9228BDAC320027DF71 /* Daver_iOS_V1Tests.xctest */;
			productType = "com.apple.product-type.bundle.unit-test";
		};
		EF730B9B28BDAC320027DF71 /* Daver_iOS_V1UITests */ = {
			isa = PBXNativeTarget;
			buildConfigurationList = EF730BAC28BDAC320027DF71 /* Build configuration list for PBXNativeTarget "Daver_iOS_V1UITests" */;
			buildPhases = (
				6AC4E2F98FCC65A96032D7C8 /* [CP] Check Pods Manifest.lock */,
				EF730B9828BDAC320027DF71 /* Sources */,
				EF730B9928BDAC320027DF71 /* Frameworks */,
				EF730B9A28BDAC320027DF71 /* Resources */,
				264C8CCF302F92339EF2A91D /* [CP] Embed Pods Frameworks */,
			);
			buildRules = (
			);
			dependencies = (
				EF730B9E28BDAC320027DF71 /* PBXTargetDependency */,
			);
			name = Daver_iOS_V1UITests;
			productName = Daver_iOS_V1UITests;
			productReference = EF730B9C28BDAC320027DF71 /* Daver_iOS_V1UITests.xctest */;
			productType = "com.apple.product-type.bundle.ui-testing";
		};
/* End PBXNativeTarget section */

/* Begin PBXProject section */
		EF730B7128BDAC320027DF71 /* Project object */ = {
			isa = PBXProject;
			attributes = {
				BuildIndependentTargetsInParallel = 1;
				LastSwiftUpdateCheck = 1340;
				LastUpgradeCheck = 1340;
				TargetAttributes = {
					EF730B7828BDAC320027DF71 = {
						CreatedOnToolsVersion = 13.4;
					};
					EF730B9128BDAC320027DF71 = {
						CreatedOnToolsVersion = 13.4;
						TestTargetID = EF730B7828BDAC320027DF71;
					};
					EF730B9B28BDAC320027DF71 = {
						CreatedOnToolsVersion = 13.4;
						TestTargetID = EF730B7828BDAC320027DF71;
					};
				};
			};
			buildConfigurationList = EF730B7428BDAC320027DF71 /* Build configuration list for PBXProject "Daver_iOS_V1" */;
			compatibilityVersion = "Xcode 13.0";
			developmentRegion = en;
			hasScannedForEncodings = 0;
			knownRegions = (
				en,
				Base,
			);
			mainGroup = EF730B7028BDAC320027DF71;
			productRefGroup = EF730B7A28BDAC320027DF71 /* Products */;
			projectDirPath = "";
			projectRoot = "";
			targets = (
				EF730B7828BDAC320027DF71 /* Daver_iOS_V1 */,
				EF730B9128BDAC320027DF71 /* Daver_iOS_V1Tests */,
				EF730B9B28BDAC320027DF71 /* Daver_iOS_V1UITests */,
			);
		};
/* End PBXProject section */

/* Begin PBXResourcesBuildPhase section */
		EF730B7728BDAC320027DF71 /* Resources */ = {
			isa = PBXResourcesBuildPhase;
			buildActionMask = 2147483647;
			files = (
				EF730B8C28BDAC320027DF71 /* LaunchScreen.storyboard in Resources */,
				EF730B8928BDAC320027DF71 /* Assets.xcassets in Resources */,
			);
			runOnlyForDeploymentPostprocessing = 0;
		};
		EF730B9028BDAC320027DF71 /* Resources */ = {
			isa = PBXResourcesBuildPhase;
			buildActionMask = 2147483647;
			files = (
			);
			runOnlyForDeploymentPostprocessing = 0;
		};
		EF730B9A28BDAC320027DF71 /* Resources */ = {
			isa = PBXResourcesBuildPhase;
			buildActionMask = 2147483647;
			files = (
			);
			runOnlyForDeploymentPostprocessing = 0;
		};
/* End PBXResourcesBuildPhase section */

/* Begin PBXShellScriptBuildPhase section */
		264C8CCF302F92339EF2A91D /* [CP] Embed Pods Frameworks */ = {
			isa = PBXShellScriptBuildPhase;
			buildActionMask = 2147483647;
			files = (
			);
			inputFileListPaths = (
				"${PODS_ROOT}/Target Support Files/Pods-Daver_iOS_V1-Daver_iOS_V1UITests/Pods-Daver_iOS_V1-Daver_iOS_V1UITests-frameworks-${CONFIGURATION}-input-files.xcfilelist",
			);
			name = "[CP] Embed Pods Frameworks";
			outputFileListPaths = (
				"${PODS_ROOT}/Target Support Files/Pods-Daver_iOS_V1-Daver_iOS_V1UITests/Pods-Daver_iOS_V1-Daver_iOS_V1UITests-frameworks-${CONFIGURATION}-output-files.xcfilelist",
			);
			runOnlyForDeploymentPostprocessing = 0;
			shellPath = /bin/sh;
			shellScript = "\"${PODS_ROOT}/Target Support Files/Pods-Daver_iOS_V1-Daver_iOS_V1UITests/Pods-Daver_iOS_V1-Daver_iOS_V1UITests-frameworks.sh\"\n";
			showEnvVarsInLog = 0;
		};
		4D25D33969A46CF72FDF42E3 /* [CP] Check Pods Manifest.lock */ = {
			isa = PBXShellScriptBuildPhase;
			buildActionMask = 2147483647;
			files = (
			);
			inputFileListPaths = (
			);
			inputPaths = (
				"${PODS_PODFILE_DIR_PATH}/Podfile.lock",
				"${PODS_ROOT}/Manifest.lock",
			);
			name = "[CP] Check Pods Manifest.lock";
			outputFileListPaths = (
			);
			outputPaths = (
				"$(DERIVED_FILE_DIR)/Pods-Daver_iOS_V1Tests-checkManifestLockResult.txt",
			);
			runOnlyForDeploymentPostprocessing = 0;
			shellPath = /bin/sh;
			shellScript = "diff \"${PODS_PODFILE_DIR_PATH}/Podfile.lock\" \"${PODS_ROOT}/Manifest.lock\" > /dev/null\nif [ $? != 0 ] ; then\n    # print error to STDERR\n    echo \"error: The sandbox is not in sync with the Podfile.lock. Run 'pod install' or update your CocoaPods installation.\" >&2\n    exit 1\nfi\n# This output is used by Xcode 'outputs' to avoid re-running this script phase.\necho \"SUCCESS\" > \"${SCRIPT_OUTPUT_FILE_0}\"\n";
			showEnvVarsInLog = 0;
		};
		6AC4E2F98FCC65A96032D7C8 /* [CP] Check Pods Manifest.lock */ = {
			isa = PBXShellScriptBuildPhase;
			buildActionMask = 2147483647;
			files = (
			);
			inputFileListPaths = (
			);
			inputPaths = (
				"${PODS_PODFILE_DIR_PATH}/Podfile.lock",
				"${PODS_ROOT}/Manifest.lock",
			);
			name = "[CP] Check Pods Manifest.lock";
			outputFileListPaths = (
			);
			outputPaths = (
				"$(DERIVED_FILE_DIR)/Pods-Daver_iOS_V1-Daver_iOS_V1UITests-checkManifestLockResult.txt",
			);
			runOnlyForDeploymentPostprocessing = 0;
			shellPath = /bin/sh;
			shellScript = "diff \"${PODS_PODFILE_DIR_PATH}/Podfile.lock\" \"${PODS_ROOT}/Manifest.lock\" > /dev/null\nif [ $? != 0 ] ; then\n    # print error to STDERR\n    echo \"error: The sandbox is not in sync with the Podfile.lock. Run 'pod install' or update your CocoaPods installation.\" >&2\n    exit 1\nfi\n# This output is used by Xcode 'outputs' to avoid re-running this script phase.\necho \"SUCCESS\" > \"${SCRIPT_OUTPUT_FILE_0}\"\n";
			showEnvVarsInLog = 0;
		};
		7B536871D93EDE34DEA3314F /* [CP] Embed Pods Frameworks */ = {
			isa = PBXShellScriptBuildPhase;
			buildActionMask = 2147483647;
			files = (
			);
			inputFileListPaths = (
				"${PODS_ROOT}/Target Support Files/Pods-Daver_iOS_V1/Pods-Daver_iOS_V1-frameworks-${CONFIGURATION}-input-files.xcfilelist",
			);
			name = "[CP] Embed Pods Frameworks";
			outputFileListPaths = (
				"${PODS_ROOT}/Target Support Files/Pods-Daver_iOS_V1/Pods-Daver_iOS_V1-frameworks-${CONFIGURATION}-output-files.xcfilelist",
			);
			runOnlyForDeploymentPostprocessing = 0;
			shellPath = /bin/sh;
			shellScript = "\"${PODS_ROOT}/Target Support Files/Pods-Daver_iOS_V1/Pods-Daver_iOS_V1-frameworks.sh\"\n";
			showEnvVarsInLog = 0;
		};
		A8A214C66B58B64671C05C92 /* [CP] Check Pods Manifest.lock */ = {
			isa = PBXShellScriptBuildPhase;
			buildActionMask = 2147483647;
			files = (
			);
			inputFileListPaths = (
			);
			inputPaths = (
				"${PODS_PODFILE_DIR_PATH}/Podfile.lock",
				"${PODS_ROOT}/Manifest.lock",
			);
			name = "[CP] Check Pods Manifest.lock";
			outputFileListPaths = (
			);
			outputPaths = (
				"$(DERIVED_FILE_DIR)/Pods-Daver_iOS_V1-checkManifestLockResult.txt",
			);
			runOnlyForDeploymentPostprocessing = 0;
			shellPath = /bin/sh;
			shellScript = "diff \"${PODS_PODFILE_DIR_PATH}/Podfile.lock\" \"${PODS_ROOT}/Manifest.lock\" > /dev/null\nif [ $? != 0 ] ; then\n    # print error to STDERR\n    echo \"error: The sandbox is not in sync with the Podfile.lock. Run 'pod install' or update your CocoaPods installation.\" >&2\n    exit 1\nfi\n# This output is used by Xcode 'outputs' to avoid re-running this script phase.\necho \"SUCCESS\" > \"${SCRIPT_OUTPUT_FILE_0}\"\n";
			showEnvVarsInLog = 0;
		};
/* End PBXShellScriptBuildPhase section */

/* Begin PBXSourcesBuildPhase section */
		EF730B7528BDAC320027DF71 /* Sources */ = {
			isa = PBXSourcesBuildPhase;
			buildActionMask = 2147483647;
			files = (
				EF9D5E892919F2A300FC69DD /* FriendFlow.swift in Sources */,
				EF7A17CF28D6B786005A354C /* SignUpReactor.swift in Sources */,
				EF116EEB2910F6BF00D9053E /* PeopleInfoDataSource.swift in Sources */,
				EF45FA9D2932272900EF9AB7 /* FriendSection.swift in Sources */,
				EF655F8528D80AB7003C1C86 /* ParamUseCase.swift in Sources */,
				EF655F6428D803C9003C1C86 /* TokenRefreshRequest.swift in Sources */,
				EF3AEE7F28C5948700743327 /* UIViewExt.swift in Sources */,
				EF116EDF2910DBCE00D9053E /* People.swift in Sources */,
				EF5A7D542906216A00E17206 /* MainTabbarVC.swift in Sources */,
				EF116EE52910DF3A00D9053E /* PeopleRepository.swift in Sources */,
				EF45FAA6293276A000EF9AB7 /* EditProfileReactor.swift in Sources */,
				EF116EF62910F98600D9053E /* baseUseCase.swift in Sources */,
				EF3AEE8228C594E800743327 /* UINavigationExt.swift in Sources */,
				EF7A17D228D6B967005A354C /* UnderLineTextField.swift in Sources */,
				EF655F6D28D804C1003C1C86 /* Response.swift in Sources */,
				EF116EE82910E19300D9053E /* PeopleRepositoryImpl.swift in Sources */,
				EFA4F55328FCEFCE00C319A4 /* Member.swift in Sources */,
				EFF9EFE328DADC6100419AA1 /* UIImageExt.swift in Sources */,
				EF655F7E28D8099C003C1C86 /* AuthRepository.swift in Sources */,
				EFA4F54C28FCE50600C319A4 /* SignInUseCase.swift in Sources */,
				EF655F7828D808AC003C1C86 /* AuthDataSource.swift in Sources */,
				EF3AEE8728C5A15B00743327 /* OnBoardingFlow.swift in Sources */,
				EF7A17BD28D60403005A354C /* DataSourceAssembly.swift in Sources */,
				EF655F6128D7FF30003C1C86 /* DaverError.swift in Sources */,
				EFF9EFE028DAC99000419AA1 /* DivisionLine.swift in Sources */,
				EF3AEE7A28C58FA200743327 /* SignInButton.swift in Sources */,
				EF3AEE8A28C5A1B900743327 /* Inject.swift in Sources */,
				EF116EE22910DE5E00D9053E /* FetchPeopleLocationUseCase.swift in Sources */,
				EF9D5E8C2919F43500FC69DD /* FriendVC.swift in Sources */,
				EF116EF42910F8CB00D9053E /* PeopleData.swift in Sources */,
				EF3AEE8428C5A10900743327 /* AppFlow.swift in Sources */,
				EF45FA932932147900EF9AB7 /* baseTableViewCell.swift in Sources */,
				EF655F5228D7F8D8003C1C86 /* SignUpRequest.swift in Sources */,
				EF45FAA92932824500EF9AB7 /* ReqFriendReactor.swift in Sources */,
				EF45FAA42932769600EF9AB7 /* EditProfileVC.swift in Sources */,
				EF655F8228D809DE003C1C86 /* AuthRepositoryImpl.swift in Sources */,
				EF5A7D622906240600E17206 /* ProfileReactor.swift in Sources */,
				EF655F6728D80400003C1C86 /* AuthController.swift in Sources */,
				EF3AEE8D28C5A30300743327 /* AppDI.swift in Sources */,
				EF655F7428D8060C003C1C86 /* Constants.swift in Sources */,
				EF655F7A28D808BD003C1C86 /* baseDataSource.swift in Sources */,
				EF5A7D4F290620B200E17206 /* MainTabbarFlow.swift in Sources */,
				EF7A17BF28D60409005A354C /* ReactorAssembly.swift in Sources */,
				EF7A17BB28D603FC005A354C /* UseCaseAssembly.swift in Sources */,
				EF116EF12910F79800D9053E /* PeopleInfoAPI.swift in Sources */,
				EF7A17C128D6040E005A354C /* RepositoryAssembly.swift in Sources */,
				EF7A17C528D611D9005A354C /* StepperAssembly.swift in Sources */,
				EF5A7D582906229900E17206 /* HomeVC.swift in Sources */,
				EF5A7D60290623E700E17206 /* ProfileVC.swift in Sources */,
				EFA4F54F28FCEF0400C319A4 /* SignInResponse.swift in Sources */,
				EF7A17C328D611BB005A354C /* FlowAssembly.swift in Sources */,
				EF655F6A28D8042D003C1C86 /* DaverTokenAPI.swift in Sources */,
				EF655F7028D80527003C1C86 /* AuthRemote.swift in Sources */,
				EF45FAAB2932824F00EF9AB7 /* ReqFriendVC.swift in Sources */,
				EF7A17CD28D6B77F005A354C /* SignUpVC.swift in Sources */,
				EF5A7D5B290622C000E17206 /* HomeReactor.swift in Sources */,
				EFA4F54A28FBFD9500C319A4 /* SignInRequest.swift in Sources */,
				EF655F5628D7FAE8003C1C86 /* baseRemote.swift in Sources */,
				EF45FA96293214A100EF9AB7 /* Friend.swift in Sources */,
				EF45FA992932174B00EF9AB7 /* Reusable.swift in Sources */,
				EF730BBB28BDAEF70027DF71 /* baseVC.swift in Sources */,
				EF730B7D28BDAC320027DF71 /* AppDelegate.swift in Sources */,
				EF5A7D562906224D00E17206 /* HomeFlow.swift in Sources */,
				EF655F8828D80AC9003C1C86 /* SignUpUseCase.swift in Sources */,
				EF655F5928D7FD89003C1C86 /* TokenError.swift in Sources */,
				EF7A17C828D61B19005A354C /* UITextFieldExt.swift in Sources */,
				EF730BB828BDAEEE0027DF71 /* SignInVC.swift in Sources */,
				EF730B7F28BDAC320027DF71 /* SceneDelegate.swift in Sources */,
				EF7C185028BDB425000B3D52 /* DaverStep.swift in Sources */,
				EF7A17B928D603C8005A354C /* ViewControllerAssembly.swift in Sources */,
				EF116EEE2910F75C00D9053E /* PeopleInfoRemote.swift in Sources */,
				EF17332E28C5A4B0004E9536 /* StepExt.swift in Sources */,
				EF7A17B728D6028C005A354C /* DependencyProvider.swift in Sources */,
				EF9D5E8E2919F43D00FC69DD /* FriendReactor.swift in Sources */,
				EF730BBD28BDAF0B0027DF71 /* SignInReactor.swift in Sources */,
				EF45FA912932141300EF9AB7 /* FriendCell.swift in Sources */,
				EF655F7228D8056A003C1C86 /* DaverAuthAPI.swift in Sources */,
				EFF9EFDE28DAB61800419AA1 /* SignInTextField.swift in Sources */,
				EF5A7D5D2906238600E17206 /* ProfileFlow.swift in Sources */,
				EF730B8728BDAC320027DF71 /* Daver_iOS_V1.xcdatamodeld in Sources */,
			);
			runOnlyForDeploymentPostprocessing = 0;
		};
		EF730B8E28BDAC320027DF71 /* Sources */ = {
			isa = PBXSourcesBuildPhase;
			buildActionMask = 2147483647;
			files = (
				EF730B9728BDAC320027DF71 /* Daver_iOS_V1Tests.swift in Sources */,
			);
			runOnlyForDeploymentPostprocessing = 0;
		};
		EF730B9828BDAC320027DF71 /* Sources */ = {
			isa = PBXSourcesBuildPhase;
			buildActionMask = 2147483647;
			files = (
				EF730BA328BDAC320027DF71 /* Daver_iOS_V1UITestsLaunchTests.swift in Sources */,
				EF730BA128BDAC320027DF71 /* Daver_iOS_V1UITests.swift in Sources */,
			);
			runOnlyForDeploymentPostprocessing = 0;
		};
/* End PBXSourcesBuildPhase section */

/* Begin PBXTargetDependency section */
		EF730B9428BDAC320027DF71 /* PBXTargetDependency */ = {
			isa = PBXTargetDependency;
			target = EF730B7828BDAC320027DF71 /* Daver_iOS_V1 */;
			targetProxy = EF730B9328BDAC320027DF71 /* PBXContainerItemProxy */;
		};
		EF730B9E28BDAC320027DF71 /* PBXTargetDependency */ = {
			isa = PBXTargetDependency;
			target = EF730B7828BDAC320027DF71 /* Daver_iOS_V1 */;
			targetProxy = EF730B9D28BDAC320027DF71 /* PBXContainerItemProxy */;
		};
/* End PBXTargetDependency section */

/* Begin PBXVariantGroup section */
		EF730B8A28BDAC320027DF71 /* LaunchScreen.storyboard */ = {
			isa = PBXVariantGroup;
			children = (
				EF730B8B28BDAC320027DF71 /* Base */,
			);
			name = LaunchScreen.storyboard;
			sourceTree = "<group>";
		};
/* End PBXVariantGroup section */

/* Begin XCBuildConfiguration section */
		EF730BA428BDAC320027DF71 /* Debug */ = {
			isa = XCBuildConfiguration;
			buildSettings = {
				ALWAYS_SEARCH_USER_PATHS = NO;
				CLANG_ANALYZER_NONNULL = YES;
				CLANG_ANALYZER_NUMBER_OBJECT_CONVERSION = YES_AGGRESSIVE;
				CLANG_CXX_LANGUAGE_STANDARD = "gnu++17";
				CLANG_ENABLE_MODULES = YES;
				CLANG_ENABLE_OBJC_ARC = YES;
				CLANG_ENABLE_OBJC_WEAK = YES;
				CLANG_WARN_BLOCK_CAPTURE_AUTORELEASING = YES;
				CLANG_WARN_BOOL_CONVERSION = YES;
				CLANG_WARN_COMMA = YES;
				CLANG_WARN_CONSTANT_CONVERSION = YES;
				CLANG_WARN_DEPRECATED_OBJC_IMPLEMENTATIONS = YES;
				CLANG_WARN_DIRECT_OBJC_ISA_USAGE = YES_ERROR;
				CLANG_WARN_DOCUMENTATION_COMMENTS = YES;
				CLANG_WARN_EMPTY_BODY = YES;
				CLANG_WARN_ENUM_CONVERSION = YES;
				CLANG_WARN_INFINITE_RECURSION = YES;
				CLANG_WARN_INT_CONVERSION = YES;
				CLANG_WARN_NON_LITERAL_NULL_CONVERSION = YES;
				CLANG_WARN_OBJC_IMPLICIT_RETAIN_SELF = YES;
				CLANG_WARN_OBJC_LITERAL_CONVERSION = YES;
				CLANG_WARN_OBJC_ROOT_CLASS = YES_ERROR;
				CLANG_WARN_QUOTED_INCLUDE_IN_FRAMEWORK_HEADER = YES;
				CLANG_WARN_RANGE_LOOP_ANALYSIS = YES;
				CLANG_WARN_STRICT_PROTOTYPES = YES;
				CLANG_WARN_SUSPICIOUS_MOVE = YES;
				CLANG_WARN_UNGUARDED_AVAILABILITY = YES_AGGRESSIVE;
				CLANG_WARN_UNREACHABLE_CODE = YES;
				CLANG_WARN__DUPLICATE_METHOD_MATCH = YES;
				COPY_PHASE_STRIP = NO;
				DEBUG_INFORMATION_FORMAT = dwarf;
				ENABLE_STRICT_OBJC_MSGSEND = YES;
				ENABLE_TESTABILITY = YES;
				GCC_C_LANGUAGE_STANDARD = gnu11;
				GCC_DYNAMIC_NO_PIC = NO;
				GCC_NO_COMMON_BLOCKS = YES;
				GCC_OPTIMIZATION_LEVEL = 0;
				GCC_PREPROCESSOR_DEFINITIONS = (
					"DEBUG=1",
					"$(inherited)",
				);
				GCC_WARN_64_TO_32_BIT_CONVERSION = YES;
				GCC_WARN_ABOUT_RETURN_TYPE = YES_ERROR;
				GCC_WARN_UNDECLARED_SELECTOR = YES;
				GCC_WARN_UNINITIALIZED_AUTOS = YES_AGGRESSIVE;
				GCC_WARN_UNUSED_FUNCTION = YES;
				GCC_WARN_UNUSED_VARIABLE = YES;
				IPHONEOS_DEPLOYMENT_TARGET = 15.5;
				MTL_ENABLE_DEBUG_INFO = INCLUDE_SOURCE;
				MTL_FAST_MATH = YES;
				ONLY_ACTIVE_ARCH = YES;
				SDKROOT = iphoneos;
				SWIFT_ACTIVE_COMPILATION_CONDITIONS = DEBUG;
				SWIFT_OPTIMIZATION_LEVEL = "-Onone";
			};
			name = Debug;
		};
		EF730BA528BDAC320027DF71 /* Release */ = {
			isa = XCBuildConfiguration;
			buildSettings = {
				ALWAYS_SEARCH_USER_PATHS = NO;
				CLANG_ANALYZER_NONNULL = YES;
				CLANG_ANALYZER_NUMBER_OBJECT_CONVERSION = YES_AGGRESSIVE;
				CLANG_CXX_LANGUAGE_STANDARD = "gnu++17";
				CLANG_ENABLE_MODULES = YES;
				CLANG_ENABLE_OBJC_ARC = YES;
				CLANG_ENABLE_OBJC_WEAK = YES;
				CLANG_WARN_BLOCK_CAPTURE_AUTORELEASING = YES;
				CLANG_WARN_BOOL_CONVERSION = YES;
				CLANG_WARN_COMMA = YES;
				CLANG_WARN_CONSTANT_CONVERSION = YES;
				CLANG_WARN_DEPRECATED_OBJC_IMPLEMENTATIONS = YES;
				CLANG_WARN_DIRECT_OBJC_ISA_USAGE = YES_ERROR;
				CLANG_WARN_DOCUMENTATION_COMMENTS = YES;
				CLANG_WARN_EMPTY_BODY = YES;
				CLANG_WARN_ENUM_CONVERSION = YES;
				CLANG_WARN_INFINITE_RECURSION = YES;
				CLANG_WARN_INT_CONVERSION = YES;
				CLANG_WARN_NON_LITERAL_NULL_CONVERSION = YES;
				CLANG_WARN_OBJC_IMPLICIT_RETAIN_SELF = YES;
				CLANG_WARN_OBJC_LITERAL_CONVERSION = YES;
				CLANG_WARN_OBJC_ROOT_CLASS = YES_ERROR;
				CLANG_WARN_QUOTED_INCLUDE_IN_FRAMEWORK_HEADER = YES;
				CLANG_WARN_RANGE_LOOP_ANALYSIS = YES;
				CLANG_WARN_STRICT_PROTOTYPES = YES;
				CLANG_WARN_SUSPICIOUS_MOVE = YES;
				CLANG_WARN_UNGUARDED_AVAILABILITY = YES_AGGRESSIVE;
				CLANG_WARN_UNREACHABLE_CODE = YES;
				CLANG_WARN__DUPLICATE_METHOD_MATCH = YES;
				COPY_PHASE_STRIP = NO;
				DEBUG_INFORMATION_FORMAT = "dwarf-with-dsym";
				ENABLE_NS_ASSERTIONS = NO;
				ENABLE_STRICT_OBJC_MSGSEND = YES;
				GCC_C_LANGUAGE_STANDARD = gnu11;
				GCC_NO_COMMON_BLOCKS = YES;
				GCC_WARN_64_TO_32_BIT_CONVERSION = YES;
				GCC_WARN_ABOUT_RETURN_TYPE = YES_ERROR;
				GCC_WARN_UNDECLARED_SELECTOR = YES;
				GCC_WARN_UNINITIALIZED_AUTOS = YES_AGGRESSIVE;
				GCC_WARN_UNUSED_FUNCTION = YES;
				GCC_WARN_UNUSED_VARIABLE = YES;
				IPHONEOS_DEPLOYMENT_TARGET = 15.5;
				MTL_ENABLE_DEBUG_INFO = NO;
				MTL_FAST_MATH = YES;
				SDKROOT = iphoneos;
				SWIFT_COMPILATION_MODE = wholemodule;
				SWIFT_OPTIMIZATION_LEVEL = "-O";
				VALIDATE_PRODUCT = YES;
			};
			name = Release;
		};
		EF730BA728BDAC320027DF71 /* Debug */ = {
			isa = XCBuildConfiguration;
			baseConfigurationReference = A4097869A16BCDBD8A8B90E1 /* Pods-Daver_iOS_V1.debug.xcconfig */;
			buildSettings = {
				ASSETCATALOG_COMPILER_APPICON_NAME = AppIcon;
				ASSETCATALOG_COMPILER_GLOBAL_ACCENT_COLOR_NAME = AccentColor;
				CODE_SIGN_STYLE = Automatic;
				CURRENT_PROJECT_VERSION = 1;
				DEVELOPMENT_TEAM = MA35V5PR3U;
				GENERATE_INFOPLIST_FILE = YES;
				INFOPLIST_FILE = Daver_iOS_V1/Support/Info.plist;
				INFOPLIST_KEY_CFBundleDisplayName = Daver;
				INFOPLIST_KEY_UIApplicationSupportsIndirectInputEvents = YES;
				INFOPLIST_KEY_UILaunchStoryboardName = LaunchScreen;
				INFOPLIST_KEY_UISupportedInterfaceOrientations_iPad = "UIInterfaceOrientationPortrait UIInterfaceOrientationPortraitUpsideDown UIInterfaceOrientationLandscapeLeft UIInterfaceOrientationLandscapeRight";
				INFOPLIST_KEY_UISupportedInterfaceOrientations_iPhone = "UIInterfaceOrientationPortrait UIInterfaceOrientationLandscapeLeft UIInterfaceOrientationLandscapeRight";
				IPHONEOS_DEPLOYMENT_TARGET = 16.0;
				LD_RUNPATH_SEARCH_PATHS = (
					"$(inherited)",
					"@executable_path/Frameworks",
				);
				MARKETING_VERSION = 1.0;
				PRODUCT_BUNDLE_IDENTIFIER = "com.AZAZAPFIZER.Daver-iOS-V1";
				PRODUCT_NAME = "$(TARGET_NAME)";
				SWIFT_EMIT_LOC_STRINGS = YES;
				SWIFT_VERSION = 5.0;
				TARGETED_DEVICE_FAMILY = "1,2";
			};
			name = Debug;
		};
		EF730BA828BDAC320027DF71 /* Release */ = {
			isa = XCBuildConfiguration;
			baseConfigurationReference = E9BAB7625F15E80302512DDE /* Pods-Daver_iOS_V1.release.xcconfig */;
			buildSettings = {
				ASSETCATALOG_COMPILER_APPICON_NAME = AppIcon;
				ASSETCATALOG_COMPILER_GLOBAL_ACCENT_COLOR_NAME = AccentColor;
				CODE_SIGN_STYLE = Automatic;
				CURRENT_PROJECT_VERSION = 1;
				DEVELOPMENT_TEAM = MA35V5PR3U;
				GENERATE_INFOPLIST_FILE = YES;
				INFOPLIST_FILE = Daver_iOS_V1/Support/Info.plist;
				INFOPLIST_KEY_CFBundleDisplayName = Daver;
				INFOPLIST_KEY_UIApplicationSupportsIndirectInputEvents = YES;
				INFOPLIST_KEY_UILaunchStoryboardName = LaunchScreen;
				INFOPLIST_KEY_UISupportedInterfaceOrientations_iPad = "UIInterfaceOrientationPortrait UIInterfaceOrientationPortraitUpsideDown UIInterfaceOrientationLandscapeLeft UIInterfaceOrientationLandscapeRight";
				INFOPLIST_KEY_UISupportedInterfaceOrientations_iPhone = "UIInterfaceOrientationPortrait UIInterfaceOrientationLandscapeLeft UIInterfaceOrientationLandscapeRight";
				IPHONEOS_DEPLOYMENT_TARGET = 16.0;
				LD_RUNPATH_SEARCH_PATHS = (
					"$(inherited)",
					"@executable_path/Frameworks",
				);
				MARKETING_VERSION = 1.0;
				PRODUCT_BUNDLE_IDENTIFIER = "com.AZAZAPFIZER.Daver-iOS-V1";
				PRODUCT_NAME = "$(TARGET_NAME)";
				SWIFT_EMIT_LOC_STRINGS = YES;
				SWIFT_VERSION = 5.0;
				TARGETED_DEVICE_FAMILY = "1,2";
			};
			name = Release;
		};
		EF730BAA28BDAC320027DF71 /* Debug */ = {
			isa = XCBuildConfiguration;
			baseConfigurationReference = A033CEB233BE3F336E234FB6 /* Pods-Daver_iOS_V1Tests.debug.xcconfig */;
			buildSettings = {
				ALWAYS_EMBED_SWIFT_STANDARD_LIBRARIES = YES;
				BUNDLE_LOADER = "$(TEST_HOST)";
				CODE_SIGN_STYLE = Automatic;
				CURRENT_PROJECT_VERSION = 1;
				DEVELOPMENT_TEAM = MA35V5PR3U;
				GENERATE_INFOPLIST_FILE = YES;
				IPHONEOS_DEPLOYMENT_TARGET = 15.5;
				MARKETING_VERSION = 1.0;
				PRODUCT_BUNDLE_IDENTIFIER = "com.AZAZAPFIZER.Daver-iOS-V1Tests";
				PRODUCT_NAME = "$(TARGET_NAME)";
				SWIFT_EMIT_LOC_STRINGS = NO;
				SWIFT_VERSION = 5.0;
				TARGETED_DEVICE_FAMILY = "1,2";
				TEST_HOST = "$(BUILT_PRODUCTS_DIR)/Daver_iOS_V1.app/Daver_iOS_V1";
			};
			name = Debug;
		};
		EF730BAB28BDAC320027DF71 /* Release */ = {
			isa = XCBuildConfiguration;
			baseConfigurationReference = BE5F38F60DC99C9BF23B3652 /* Pods-Daver_iOS_V1Tests.release.xcconfig */;
			buildSettings = {
				ALWAYS_EMBED_SWIFT_STANDARD_LIBRARIES = YES;
				BUNDLE_LOADER = "$(TEST_HOST)";
				CODE_SIGN_STYLE = Automatic;
				CURRENT_PROJECT_VERSION = 1;
				DEVELOPMENT_TEAM = MA35V5PR3U;
				GENERATE_INFOPLIST_FILE = YES;
				IPHONEOS_DEPLOYMENT_TARGET = 15.5;
				MARKETING_VERSION = 1.0;
				PRODUCT_BUNDLE_IDENTIFIER = "com.AZAZAPFIZER.Daver-iOS-V1Tests";
				PRODUCT_NAME = "$(TARGET_NAME)";
				SWIFT_EMIT_LOC_STRINGS = NO;
				SWIFT_VERSION = 5.0;
				TARGETED_DEVICE_FAMILY = "1,2";
				TEST_HOST = "$(BUILT_PRODUCTS_DIR)/Daver_iOS_V1.app/Daver_iOS_V1";
			};
			name = Release;
		};
		EF730BAD28BDAC320027DF71 /* Debug */ = {
			isa = XCBuildConfiguration;
			baseConfigurationReference = E0DDC239D1995CFAF115A6DD /* Pods-Daver_iOS_V1-Daver_iOS_V1UITests.debug.xcconfig */;
			buildSettings = {
				ALWAYS_EMBED_SWIFT_STANDARD_LIBRARIES = YES;
				CODE_SIGN_STYLE = Automatic;
				CURRENT_PROJECT_VERSION = 1;
				DEVELOPMENT_TEAM = MA35V5PR3U;
				GENERATE_INFOPLIST_FILE = YES;
				MARKETING_VERSION = 1.0;
				PRODUCT_BUNDLE_IDENTIFIER = "com.AZAZAPFIZER.Daver-iOS-V1UITests";
				PRODUCT_NAME = "$(TARGET_NAME)";
				SWIFT_EMIT_LOC_STRINGS = NO;
				SWIFT_VERSION = 5.0;
				TARGETED_DEVICE_FAMILY = "1,2";
				TEST_TARGET_NAME = Daver_iOS_V1;
			};
			name = Debug;
		};
		EF730BAE28BDAC320027DF71 /* Release */ = {
			isa = XCBuildConfiguration;
			baseConfigurationReference = EDADD5558EBBD206D57B2996 /* Pods-Daver_iOS_V1-Daver_iOS_V1UITests.release.xcconfig */;
			buildSettings = {
				ALWAYS_EMBED_SWIFT_STANDARD_LIBRARIES = YES;
				CODE_SIGN_STYLE = Automatic;
				CURRENT_PROJECT_VERSION = 1;
				DEVELOPMENT_TEAM = MA35V5PR3U;
				GENERATE_INFOPLIST_FILE = YES;
				MARKETING_VERSION = 1.0;
				PRODUCT_BUNDLE_IDENTIFIER = "com.AZAZAPFIZER.Daver-iOS-V1UITests";
				PRODUCT_NAME = "$(TARGET_NAME)";
				SWIFT_EMIT_LOC_STRINGS = NO;
				SWIFT_VERSION = 5.0;
				TARGETED_DEVICE_FAMILY = "1,2";
				TEST_TARGET_NAME = Daver_iOS_V1;
			};
			name = Release;
		};
/* End XCBuildConfiguration section */

/* Begin XCConfigurationList section */
		EF730B7428BDAC320027DF71 /* Build configuration list for PBXProject "Daver_iOS_V1" */ = {
			isa = XCConfigurationList;
			buildConfigurations = (
				EF730BA428BDAC320027DF71 /* Debug */,
				EF730BA528BDAC320027DF71 /* Release */,
			);
			defaultConfigurationIsVisible = 0;
			defaultConfigurationName = Release;
		};
		EF730BA628BDAC320027DF71 /* Build configuration list for PBXNativeTarget "Daver_iOS_V1" */ = {
			isa = XCConfigurationList;
			buildConfigurations = (
				EF730BA728BDAC320027DF71 /* Debug */,
				EF730BA828BDAC320027DF71 /* Release */,
			);
			defaultConfigurationIsVisible = 0;
			defaultConfigurationName = Release;
		};
		EF730BA928BDAC320027DF71 /* Build configuration list for PBXNativeTarget "Daver_iOS_V1Tests" */ = {
			isa = XCConfigurationList;
			buildConfigurations = (
				EF730BAA28BDAC320027DF71 /* Debug */,
				EF730BAB28BDAC320027DF71 /* Release */,
			);
			defaultConfigurationIsVisible = 0;
			defaultConfigurationName = Release;
		};
		EF730BAC28BDAC320027DF71 /* Build configuration list for PBXNativeTarget "Daver_iOS_V1UITests" */ = {
			isa = XCConfigurationList;
			buildConfigurations = (
				EF730BAD28BDAC320027DF71 /* Debug */,
				EF730BAE28BDAC320027DF71 /* Release */,
			);
			defaultConfigurationIsVisible = 0;
			defaultConfigurationName = Release;
		};
/* End XCConfigurationList section */

/* Begin XCVersionGroup section */
		EF730B8528BDAC320027DF71 /* Daver_iOS_V1.xcdatamodeld */ = {
			isa = XCVersionGroup;
			children = (
				EF730B8628BDAC320027DF71 /* Daver_iOS_V1.xcdatamodel */,
			);
			currentVersion = EF730B8628BDAC320027DF71 /* Daver_iOS_V1.xcdatamodel */;
			path = Daver_iOS_V1.xcdatamodeld;
			sourceTree = "<group>";
			versionGroupType = wrapper.xcdatamodel;
		};
/* End XCVersionGroup section */
	};
	rootObject = EF730B7128BDAC320027DF71 /* Project object */;
}
